// !$*UTF8*$!
{
	archiveVersion = 1;
	classes = {
	};
	objectVersion = 55;
	objects = {

/* Begin PBXBuildFile section */
		6380775728896BAC00BC27BD /* feedTableViewCell.swift in Sources */ = {isa = PBXBuildFile; fileRef = 6380775628896BAC00BC27BD /* feedTableViewCell.swift */; };
		63BFB6B228882600003D35E0 /* AppDelegate.swift in Sources */ = {isa = PBXBuildFile; fileRef = 63BFB6B128882600003D35E0 /* AppDelegate.swift */; };
		63BFB6B428882600003D35E0 /* SceneDelegate.swift in Sources */ = {isa = PBXBuildFile; fileRef = 63BFB6B328882600003D35E0 /* SceneDelegate.swift */; };
		63BFB6B628882600003D35E0 /* ViewController.swift in Sources */ = {isa = PBXBuildFile; fileRef = 63BFB6B528882600003D35E0 /* ViewController.swift */; };
		63BFB6B928882600003D35E0 /* Main.storyboard in Resources */ = {isa = PBXBuildFile; fileRef = 63BFB6B728882600003D35E0 /* Main.storyboard */; };
		63BFB6BB28882605003D35E0 /* Assets.xcassets in Resources */ = {isa = PBXBuildFile; fileRef = 63BFB6BA28882605003D35E0 /* Assets.xcassets */; };
		63BFB6BE28882605003D35E0 /* LaunchScreen.storyboard in Resources */ = {isa = PBXBuildFile; fileRef = 63BFB6BC28882605003D35E0 /* LaunchScreen.storyboard */; };
		63BFB6C928882606003D35E0 /* instagramCloneFirebaseTests.swift in Sources */ = {isa = PBXBuildFile; fileRef = 63BFB6C828882606003D35E0 /* instagramCloneFirebaseTests.swift */; };
		63BFB6D328882606003D35E0 /* instagramCloneFirebaseUITests.swift in Sources */ = {isa = PBXBuildFile; fileRef = 63BFB6D228882606003D35E0 /* instagramCloneFirebaseUITests.swift */; };
		63BFB6D528882606003D35E0 /* instagramCloneFirebaseUITestsLaunchTests.swift in Sources */ = {isa = PBXBuildFile; fileRef = 63BFB6D428882606003D35E0 /* instagramCloneFirebaseUITestsLaunchTests.swift */; };
		63BFB6E428882747003D35E0 /* GoogleService-Info.plist in Resources */ = {isa = PBXBuildFile; fileRef = 63BFB6E328882747003D35E0 /* GoogleService-Info.plist */; };
		63BFB6E7288828CB003D35E0 /* FirebaseAnalytics in Frameworks */ = {isa = PBXBuildFile; productRef = 63BFB6E6288828CB003D35E0 /* FirebaseAnalytics */; };
		63BFB6E9288828CB003D35E0 /* FirebaseAnalyticsOnDeviceConversion in Frameworks */ = {isa = PBXBuildFile; productRef = 63BFB6E8288828CB003D35E0 /* FirebaseAnalyticsOnDeviceConversion */; };
		63BFB6EB288828CB003D35E0 /* FirebaseAnalyticsSwift in Frameworks */ = {isa = PBXBuildFile; productRef = 63BFB6EA288828CB003D35E0 /* FirebaseAnalyticsSwift */; };
		63BFB6ED288828CB003D35E0 /* FirebaseAnalyticsWithoutAdIdSupport in Frameworks */ = {isa = PBXBuildFile; productRef = 63BFB6EC288828CB003D35E0 /* FirebaseAnalyticsWithoutAdIdSupport */; };
		63BFB6EF288828CB003D35E0 /* FirebaseAppCheck in Frameworks */ = {isa = PBXBuildFile; productRef = 63BFB6EE288828CB003D35E0 /* FirebaseAppCheck */; };
		63BFB6F1288828CB003D35E0 /* FirebaseAppDistribution-Beta in Frameworks */ = {isa = PBXBuildFile; productRef = 63BFB6F0288828CB003D35E0 /* FirebaseAppDistribution-Beta */; };
		63BFB6F3288828CB003D35E0 /* FirebaseAuth in Frameworks */ = {isa = PBXBuildFile; productRef = 63BFB6F2288828CB003D35E0 /* FirebaseAuth */; };
		63BFB6F5288828CB003D35E0 /* FirebaseAuthCombine-Community in Frameworks */ = {isa = PBXBuildFile; productRef = 63BFB6F4288828CB003D35E0 /* FirebaseAuthCombine-Community */; };
		63BFB6F7288828CB003D35E0 /* FirebaseCrashlytics in Frameworks */ = {isa = PBXBuildFile; productRef = 63BFB6F6288828CB003D35E0 /* FirebaseCrashlytics */; };
		63BFB6F9288828CB003D35E0 /* FirebaseDatabase in Frameworks */ = {isa = PBXBuildFile; productRef = 63BFB6F8288828CB003D35E0 /* FirebaseDatabase */; };
		63BFB6FB288828CB003D35E0 /* FirebaseDatabaseSwift in Frameworks */ = {isa = PBXBuildFile; productRef = 63BFB6FA288828CB003D35E0 /* FirebaseDatabaseSwift */; };
		63BFB6FD288828CB003D35E0 /* FirebaseDynamicLinks in Frameworks */ = {isa = PBXBuildFile; productRef = 63BFB6FC288828CB003D35E0 /* FirebaseDynamicLinks */; };
		63BFB6FF288828CB003D35E0 /* FirebaseFirestore in Frameworks */ = {isa = PBXBuildFile; productRef = 63BFB6FE288828CB003D35E0 /* FirebaseFirestore */; };
		63BFB701288828CB003D35E0 /* FirebaseFirestoreCombine-Community in Frameworks */ = {isa = PBXBuildFile; productRef = 63BFB700288828CB003D35E0 /* FirebaseFirestoreCombine-Community */; };
		63BFB703288828CB003D35E0 /* FirebaseFirestoreSwift in Frameworks */ = {isa = PBXBuildFile; productRef = 63BFB702288828CB003D35E0 /* FirebaseFirestoreSwift */; };
		63BFB705288828CB003D35E0 /* FirebaseFunctions in Frameworks */ = {isa = PBXBuildFile; productRef = 63BFB704288828CB003D35E0 /* FirebaseFunctions */; };
		63BFB707288828CB003D35E0 /* FirebaseFunctionsCombine-Community in Frameworks */ = {isa = PBXBuildFile; productRef = 63BFB706288828CB003D35E0 /* FirebaseFunctionsCombine-Community */; };
		63BFB709288828CB003D35E0 /* FirebaseInAppMessaging-Beta in Frameworks */ = {isa = PBXBuildFile; productRef = 63BFB708288828CB003D35E0 /* FirebaseInAppMessaging-Beta */; };
		63BFB70B288828CB003D35E0 /* FirebaseInAppMessagingSwift-Beta in Frameworks */ = {isa = PBXBuildFile; productRef = 63BFB70A288828CB003D35E0 /* FirebaseInAppMessagingSwift-Beta */; };
		63BFB70D288828CB003D35E0 /* FirebaseInstallations in Frameworks */ = {isa = PBXBuildFile; productRef = 63BFB70C288828CB003D35E0 /* FirebaseInstallations */; };
		63BFB70F288828CB003D35E0 /* FirebaseMLModelDownloader in Frameworks */ = {isa = PBXBuildFile; productRef = 63BFB70E288828CB003D35E0 /* FirebaseMLModelDownloader */; };
		63BFB711288828CB003D35E0 /* FirebaseMessaging in Frameworks */ = {isa = PBXBuildFile; productRef = 63BFB710288828CB003D35E0 /* FirebaseMessaging */; };
		63BFB713288828CB003D35E0 /* FirebasePerformance in Frameworks */ = {isa = PBXBuildFile; productRef = 63BFB712288828CB003D35E0 /* FirebasePerformance */; };
		63BFB715288828CB003D35E0 /* FirebaseRemoteConfig in Frameworks */ = {isa = PBXBuildFile; productRef = 63BFB714288828CB003D35E0 /* FirebaseRemoteConfig */; };
		63BFB717288828CB003D35E0 /* FirebaseRemoteConfigSwift in Frameworks */ = {isa = PBXBuildFile; productRef = 63BFB716288828CB003D35E0 /* FirebaseRemoteConfigSwift */; };
		63BFB719288828CB003D35E0 /* FirebaseStorage in Frameworks */ = {isa = PBXBuildFile; productRef = 63BFB718288828CB003D35E0 /* FirebaseStorage */; };
		63BFB71B288828CB003D35E0 /* FirebaseStorageCombine-Community in Frameworks */ = {isa = PBXBuildFile; productRef = 63BFB71A288828CB003D35E0 /* FirebaseStorageCombine-Community */; };
		63BFB71D28883C20003D35E0 /* feedViewController.swift in Sources */ = {isa = PBXBuildFile; fileRef = 63BFB71C28883C20003D35E0 /* feedViewController.swift */; };
		63BFB71F28883C30003D35E0 /* uploadViewController.swift in Sources */ = {isa = PBXBuildFile; fileRef = 63BFB71E28883C30003D35E0 /* uploadViewController.swift */; };
		63BFB72128883D2F003D35E0 /* settingsViewController.swift in Sources */ = {isa = PBXBuildFile; fileRef = 63BFB72028883D2F003D35E0 /* settingsViewController.swift */; };
/* End PBXBuildFile section */

/* Begin PBXContainerItemProxy section */
		63BFB6C528882606003D35E0 /* PBXContainerItemProxy */ = {
			isa = PBXContainerItemProxy;
			containerPortal = 63BFB6A628882600003D35E0 /* Project object */;
			proxyType = 1;
			remoteGlobalIDString = 63BFB6AD28882600003D35E0;
			remoteInfo = instagramCloneFirebase;
		};
		63BFB6CF28882606003D35E0 /* PBXContainerItemProxy */ = {
			isa = PBXContainerItemProxy;
			containerPortal = 63BFB6A628882600003D35E0 /* Project object */;
			proxyType = 1;
			remoteGlobalIDString = 63BFB6AD28882600003D35E0;
			remoteInfo = instagramCloneFirebase;
		};
/* End PBXContainerItemProxy section */

/* Begin PBXFileReference section */
		6380775628896BAC00BC27BD /* feedTableViewCell.swift */ = {isa = PBXFileReference; lastKnownFileType = sourcecode.swift; path = feedTableViewCell.swift; sourceTree = "<group>"; };
		63BFB6AE28882600003D35E0 /* instagramCloneFirebase.app */ = {isa = PBXFileReference; explicitFileType = wrapper.application; includeInIndex = 0; path = instagramCloneFirebase.app; sourceTree = BUILT_PRODUCTS_DIR; };
		63BFB6B128882600003D35E0 /* AppDelegate.swift */ = {isa = PBXFileReference; lastKnownFileType = sourcecode.swift; path = AppDelegate.swift; sourceTree = "<group>"; };
		63BFB6B328882600003D35E0 /* SceneDelegate.swift */ = {isa = PBXFileReference; lastKnownFileType = sourcecode.swift; path = SceneDelegate.swift; sourceTree = "<group>"; };
		63BFB6B528882600003D35E0 /* ViewController.swift */ = {isa = PBXFileReference; lastKnownFileType = sourcecode.swift; path = ViewController.swift; sourceTree = "<group>"; };
		63BFB6B828882600003D35E0 /* Base */ = {isa = PBXFileReference; lastKnownFileType = file.storyboard; name = Base; path = Base.lproj/Main.storyboard; sourceTree = "<group>"; };
		63BFB6BA28882605003D35E0 /* Assets.xcassets */ = {isa = PBXFileReference; lastKnownFileType = folder.assetcatalog; path = Assets.xcassets; sourceTree = "<group>"; };
		63BFB6BD28882605003D35E0 /* Base */ = {isa = PBXFileReference; lastKnownFileType = file.storyboard; name = Base; path = Base.lproj/LaunchScreen.storyboard; sourceTree = "<group>"; };
		63BFB6BF28882605003D35E0 /* Info.plist */ = {isa = PBXFileReference; lastKnownFileType = text.plist.xml; path = Info.plist; sourceTree = "<group>"; };
		63BFB6C428882606003D35E0 /* instagramCloneFirebaseTests.xctest */ = {isa = PBXFileReference; explicitFileType = wrapper.cfbundle; includeInIndex = 0; path = instagramCloneFirebaseTests.xctest; sourceTree = BUILT_PRODUCTS_DIR; };
		63BFB6C828882606003D35E0 /* instagramCloneFirebaseTests.swift */ = {isa = PBXFileReference; lastKnownFileType = sourcecode.swift; path = instagramCloneFirebaseTests.swift; sourceTree = "<group>"; };
		63BFB6CE28882606003D35E0 /* instagramCloneFirebaseUITests.xctest */ = {isa = PBXFileReference; explicitFileType = wrapper.cfbundle; includeInIndex = 0; path = instagramCloneFirebaseUITests.xctest; sourceTree = BUILT_PRODUCTS_DIR; };
		63BFB6D228882606003D35E0 /* instagramCloneFirebaseUITests.swift */ = {isa = PBXFileReference; lastKnownFileType = sourcecode.swift; path = instagramCloneFirebaseUITests.swift; sourceTree = "<group>"; };
		63BFB6D428882606003D35E0 /* instagramCloneFirebaseUITestsLaunchTests.swift */ = {isa = PBXFileReference; lastKnownFileType = sourcecode.swift; path = instagramCloneFirebaseUITestsLaunchTests.swift; sourceTree = "<group>"; };
		63BFB6E328882747003D35E0 /* GoogleService-Info.plist */ = {isa = PBXFileReference; fileEncoding = 4; lastKnownFileType = text.plist.xml; path = "GoogleService-Info.plist"; sourceTree = "<group>"; };
		63BFB71C28883C20003D35E0 /* feedViewController.swift */ = {isa = PBXFileReference; lastKnownFileType = sourcecode.swift; path = feedViewController.swift; sourceTree = "<group>"; };
		63BFB71E28883C30003D35E0 /* uploadViewController.swift */ = {isa = PBXFileReference; lastKnownFileType = sourcecode.swift; path = uploadViewController.swift; sourceTree = "<group>"; };
		63BFB72028883D2F003D35E0 /* settingsViewController.swift */ = {isa = PBXFileReference; lastKnownFileType = sourcecode.swift; path = settingsViewController.swift; sourceTree = "<group>"; };
/* End PBXFileReference section */

/* Begin PBXFrameworksBuildPhase section */
		63BFB6AB28882600003D35E0 /* Frameworks */ = {
			isa = PBXFrameworksBuildPhase;
			buildActionMask = 2147483647;
			files = (
				63BFB6F9288828CB003D35E0 /* FirebaseDatabase in Frameworks */,
				63BFB707288828CB003D35E0 /* FirebaseFunctionsCombine-Community in Frameworks */,
				63BFB6FF288828CB003D35E0 /* FirebaseFirestore in Frameworks */,
				63BFB6EB288828CB003D35E0 /* FirebaseAnalyticsSwift in Frameworks */,
				63BFB6E7288828CB003D35E0 /* FirebaseAnalytics in Frameworks */,
				63BFB6E9288828CB003D35E0 /* FirebaseAnalyticsOnDeviceConversion in Frameworks */,
				63BFB70F288828CB003D35E0 /* FirebaseMLModelDownloader in Frameworks */,
				63BFB703288828CB003D35E0 /* FirebaseFirestoreSwift in Frameworks */,
				63BFB6EF288828CB003D35E0 /* FirebaseAppCheck in Frameworks */,
				63BFB6ED288828CB003D35E0 /* FirebaseAnalyticsWithoutAdIdSupport in Frameworks */,
				63BFB6F3288828CB003D35E0 /* FirebaseAuth in Frameworks */,
				63BFB6F7288828CB003D35E0 /* FirebaseCrashlytics in Frameworks */,
				63BFB717288828CB003D35E0 /* FirebaseRemoteConfigSwift in Frameworks */,
				63BFB709288828CB003D35E0 /* FirebaseInAppMessaging-Beta in Frameworks */,
				63BFB6FB288828CB003D35E0 /* FirebaseDatabaseSwift in Frameworks */,
				63BFB705288828CB003D35E0 /* FirebaseFunctions in Frameworks */,
				63BFB71B288828CB003D35E0 /* FirebaseStorageCombine-Community in Frameworks */,
				63BFB715288828CB003D35E0 /* FirebaseRemoteConfig in Frameworks */,
				63BFB6F1288828CB003D35E0 /* FirebaseAppDistribution-Beta in Frameworks */,
				63BFB6F5288828CB003D35E0 /* FirebaseAuthCombine-Community in Frameworks */,
				63BFB713288828CB003D35E0 /* FirebasePerformance in Frameworks */,
				63BFB70B288828CB003D35E0 /* FirebaseInAppMessagingSwift-Beta in Frameworks */,
				63BFB719288828CB003D35E0 /* FirebaseStorage in Frameworks */,
				63BFB6FD288828CB003D35E0 /* FirebaseDynamicLinks in Frameworks */,
				63BFB701288828CB003D35E0 /* FirebaseFirestoreCombine-Community in Frameworks */,
				63BFB711288828CB003D35E0 /* FirebaseMessaging in Frameworks */,
				63BFB70D288828CB003D35E0 /* FirebaseInstallations in Frameworks */,
			);
			runOnlyForDeploymentPostprocessing = 0;
		};
		63BFB6C128882606003D35E0 /* Frameworks */ = {
			isa = PBXFrameworksBuildPhase;
			buildActionMask = 2147483647;
			files = (
			);
			runOnlyForDeploymentPostprocessing = 0;
		};
		63BFB6CB28882606003D35E0 /* Frameworks */ = {
			isa = PBXFrameworksBuildPhase;
			buildActionMask = 2147483647;
			files = (
			);
			runOnlyForDeploymentPostprocessing = 0;
		};
/* End PBXFrameworksBuildPhase section */

/* Begin PBXGroup section */
		63BFB6A528882600003D35E0 = {
			isa = PBXGroup;
			children = (
				63BFB6B028882600003D35E0 /* instagramCloneFirebase */,
				63BFB6C728882606003D35E0 /* instagramCloneFirebaseTests */,
				63BFB6D128882606003D35E0 /* instagramCloneFirebaseUITests */,
				63BFB6AF28882600003D35E0 /* Products */,
			);
			sourceTree = "<group>";
		};
		63BFB6AF28882600003D35E0 /* Products */ = {
			isa = PBXGroup;
			children = (
				63BFB6AE28882600003D35E0 /* instagramCloneFirebase.app */,
				63BFB6C428882606003D35E0 /* instagramCloneFirebaseTests.xctest */,
				63BFB6CE28882606003D35E0 /* instagramCloneFirebaseUITests.xctest */,
			);
			name = Products;
			sourceTree = "<group>";
		};
		63BFB6B028882600003D35E0 /* instagramCloneFirebase */ = {
			isa = PBXGroup;
			children = (
				63BFB6B128882600003D35E0 /* AppDelegate.swift */,
				63BFB6B328882600003D35E0 /* SceneDelegate.swift */,
				63BFB6B528882600003D35E0 /* ViewController.swift */,
				63BFB71C28883C20003D35E0 /* feedViewController.swift */,
				6380775628896BAC00BC27BD /* feedTableViewCell.swift */,
				63BFB71E28883C30003D35E0 /* uploadViewController.swift */,
				63BFB72028883D2F003D35E0 /* settingsViewController.swift */,
				63BFB6B728882600003D35E0 /* Main.storyboard */,
				63BFB6BA28882605003D35E0 /* Assets.xcassets */,
				63BFB6BC28882605003D35E0 /* LaunchScreen.storyboard */,
				63BFB6BF28882605003D35E0 /* Info.plist */,
				63BFB6E328882747003D35E0 /* GoogleService-Info.plist */,
			);
			path = instagramCloneFirebase;
			sourceTree = "<group>";
		};
		63BFB6C728882606003D35E0 /* instagramCloneFirebaseTests */ = {
			isa = PBXGroup;
			children = (
				63BFB6C828882606003D35E0 /* instagramCloneFirebaseTests.swift */,
			);
			path = instagramCloneFirebaseTests;
			sourceTree = "<group>";
		};
		63BFB6D128882606003D35E0 /* instagramCloneFirebaseUITests */ = {
			isa = PBXGroup;
			children = (
				63BFB6D228882606003D35E0 /* instagramCloneFirebaseUITests.swift */,
				63BFB6D428882606003D35E0 /* instagramCloneFirebaseUITestsLaunchTests.swift */,
			);
			path = instagramCloneFirebaseUITests;
			sourceTree = "<group>";
		};
/* End PBXGroup section */

/* Begin PBXNativeTarget section */
		63BFB6AD28882600003D35E0 /* instagramCloneFirebase */ = {
			isa = PBXNativeTarget;
			buildConfigurationList = 63BFB6D828882606003D35E0 /* Build configuration list for PBXNativeTarget "instagramCloneFirebase" */;
			buildPhases = (
				63BFB6AA28882600003D35E0 /* Sources */,
				63BFB6AB28882600003D35E0 /* Frameworks */,
				63BFB6AC28882600003D35E0 /* Resources */,
			);
			buildRules = (
			);
			dependencies = (
			);
			name = instagramCloneFirebase;
			packageProductDependencies = (
				63BFB6E6288828CB003D35E0 /* FirebaseAnalytics */,
				63BFB6E8288828CB003D35E0 /* FirebaseAnalyticsOnDeviceConversion */,
				63BFB6EA288828CB003D35E0 /* FirebaseAnalyticsSwift */,
				63BFB6EC288828CB003D35E0 /* FirebaseAnalyticsWithoutAdIdSupport */,
				63BFB6EE288828CB003D35E0 /* FirebaseAppCheck */,
				63BFB6F0288828CB003D35E0 /* FirebaseAppDistribution-Beta */,
				63BFB6F2288828CB003D35E0 /* FirebaseAuth */,
				63BFB6F4288828CB003D35E0 /* FirebaseAuthCombine-Community */,
				63BFB6F6288828CB003D35E0 /* FirebaseCrashlytics */,
				63BFB6F8288828CB003D35E0 /* FirebaseDatabase */,
				63BFB6FA288828CB003D35E0 /* FirebaseDatabaseSwift */,
				63BFB6FC288828CB003D35E0 /* FirebaseDynamicLinks */,
				63BFB6FE288828CB003D35E0 /* FirebaseFirestore */,
				63BFB700288828CB003D35E0 /* FirebaseFirestoreCombine-Community */,
				63BFB702288828CB003D35E0 /* FirebaseFirestoreSwift */,
				63BFB704288828CB003D35E0 /* FirebaseFunctions */,
				63BFB706288828CB003D35E0 /* FirebaseFunctionsCombine-Community */,
				63BFB708288828CB003D35E0 /* FirebaseInAppMessaging-Beta */,
				63BFB70A288828CB003D35E0 /* FirebaseInAppMessagingSwift-Beta */,
				63BFB70C288828CB003D35E0 /* FirebaseInstallations */,
				63BFB70E288828CB003D35E0 /* FirebaseMLModelDownloader */,
				63BFB710288828CB003D35E0 /* FirebaseMessaging */,
				63BFB712288828CB003D35E0 /* FirebasePerformance */,
				63BFB714288828CB003D35E0 /* FirebaseRemoteConfig */,
				63BFB716288828CB003D35E0 /* FirebaseRemoteConfigSwift */,
				63BFB718288828CB003D35E0 /* FirebaseStorage */,
				63BFB71A288828CB003D35E0 /* FirebaseStorageCombine-Community */,
			);
			productName = instagramCloneFirebase;
			productReference = 63BFB6AE28882600003D35E0 /* instagramCloneFirebase.app */;
			productType = "com.apple.product-type.application";
		};
		63BFB6C328882606003D35E0 /* instagramCloneFirebaseTests */ = {
			isa = PBXNativeTarget;
			buildConfigurationList = 63BFB6DB28882606003D35E0 /* Build configuration list for PBXNativeTarget "instagramCloneFirebaseTests" */;
			buildPhases = (
				63BFB6C028882606003D35E0 /* Sources */,
				63BFB6C128882606003D35E0 /* Frameworks */,
				63BFB6C228882606003D35E0 /* Resources */,
			);
			buildRules = (
			);
			dependencies = (
				63BFB6C628882606003D35E0 /* PBXTargetDependency */,
			);
			name = instagramCloneFirebaseTests;
			productName = instagramCloneFirebaseTests;
			productReference = 63BFB6C428882606003D35E0 /* instagramCloneFirebaseTests.xctest */;
			productType = "com.apple.product-type.bundle.unit-test";
		};
		63BFB6CD28882606003D35E0 /* instagramCloneFirebaseUITests */ = {
			isa = PBXNativeTarget;
			buildConfigurationList = 63BFB6DE28882606003D35E0 /* Build configuration list for PBXNativeTarget "instagramCloneFirebaseUITests" */;
			buildPhases = (
				63BFB6CA28882606003D35E0 /* Sources */,
				63BFB6CB28882606003D35E0 /* Frameworks */,
				63BFB6CC28882606003D35E0 /* Resources */,
			);
			buildRules = (
			);
			dependencies = (
				63BFB6D028882606003D35E0 /* PBXTargetDependency */,
			);
			name = instagramCloneFirebaseUITests;
			productName = instagramCloneFirebaseUITests;
			productReference = 63BFB6CE28882606003D35E0 /* instagramCloneFirebaseUITests.xctest */;
			productType = "com.apple.product-type.bundle.ui-testing";
		};
/* End PBXNativeTarget section */

/* Begin PBXProject section */
		63BFB6A628882600003D35E0 /* Project object */ = {
			isa = PBXProject;
			attributes = {
				BuildIndependentTargetsInParallel = 1;
				LastSwiftUpdateCheck = 1340;
				LastUpgradeCheck = 1340;
				TargetAttributes = {
					63BFB6AD28882600003D35E0 = {
						CreatedOnToolsVersion = 13.4.1;
					};
					63BFB6C328882606003D35E0 = {
						CreatedOnToolsVersion = 13.4.1;
						TestTargetID = 63BFB6AD28882600003D35E0;
					};
					63BFB6CD28882606003D35E0 = {
						CreatedOnToolsVersion = 13.4.1;
						TestTargetID = 63BFB6AD28882600003D35E0;
					};
				};
			};
			buildConfigurationList = 63BFB6A928882600003D35E0 /* Build configuration list for PBXProject "instagramCloneFirebase" */;
			compatibilityVersion = "Xcode 13.0";
			developmentRegion = en;
			hasScannedForEncodings = 0;
			knownRegions = (
				en,
				Base,
			);
			mainGroup = 63BFB6A528882600003D35E0;
			packageReferences = (
				63BFB6E5288828CB003D35E0 /* XCRemoteSwiftPackageReference "firebase-ios-sdk" */,
			);
			productRefGroup = 63BFB6AF28882600003D35E0 /* Products */;
			projectDirPath = "";
			projectRoot = "";
			targets = (
				63BFB6AD28882600003D35E0 /* instagramCloneFirebase */,
				63BFB6C328882606003D35E0 /* instagramCloneFirebaseTests */,
				63BFB6CD28882606003D35E0 /* instagramCloneFirebaseUITests */,
			);
		};
/* End PBXProject section */

/* Begin PBXResourcesBuildPhase section */
		63BFB6AC28882600003D35E0 /* Resources */ = {
			isa = PBXResourcesBuildPhase;
			buildActionMask = 2147483647;
			files = (
				63BFB6BE28882605003D35E0 /* LaunchScreen.storyboard in Resources */,
				63BFB6E428882747003D35E0 /* GoogleService-Info.plist in Resources */,
				63BFB6BB28882605003D35E0 /* Assets.xcassets in Resources */,
				63BFB6B928882600003D35E0 /* Main.storyboard in Resources */,
			);
			runOnlyForDeploymentPostprocessing = 0;
		};
		63BFB6C228882606003D35E0 /* Resources */ = {
			isa = PBXResourcesBuildPhase;
			buildActionMask = 2147483647;
			files = (
			);
			runOnlyForDeploymentPostprocessing = 0;
		};
		63BFB6CC28882606003D35E0 /* Resources */ = {
			isa = PBXResourcesBuildPhase;
			buildActionMask = 2147483647;
			files = (
			);
			runOnlyForDeploymentPostprocessing = 0;
		};
/* End PBXResourcesBuildPhase section */

/* Begin PBXSourcesBuildPhase section */
		63BFB6AA28882600003D35E0 /* Sources */ = {
			isa = PBXSourcesBuildPhase;
			buildActionMask = 2147483647;
			files = (
				6380775728896BAC00BC27BD /* feedTableViewCell.swift in Sources */,
				63BFB6B628882600003D35E0 /* ViewController.swift in Sources */,
				63BFB6B228882600003D35E0 /* AppDelegate.swift in Sources */,
				63BFB71F28883C30003D35E0 /* uploadViewController.swift in Sources */,
				63BFB71D28883C20003D35E0 /* feedViewController.swift in Sources */,
				63BFB6B428882600003D35E0 /* SceneDelegate.swift in Sources */,
				63BFB72128883D2F003D35E0 /* settingsViewController.swift in Sources */,
			);
			runOnlyForDeploymentPostprocessing = 0;
		};
		63BFB6C028882606003D35E0 /* Sources */ = {
			isa = PBXSourcesBuildPhase;
			buildActionMask = 2147483647;
			files = (
				63BFB6C928882606003D35E0 /* instagramCloneFirebaseTests.swift in Sources */,
			);
			runOnlyForDeploymentPostprocessing = 0;
		};
		63BFB6CA28882606003D35E0 /* Sources */ = {
			isa = PBXSourcesBuildPhase;
			buildActionMask = 2147483647;
			files = (
				63BFB6D528882606003D35E0 /* instagramCloneFirebaseUITestsLaunchTests.swift in Sources */,
				63BFB6D328882606003D35E0 /* instagramCloneFirebaseUITests.swift in Sources */,
			);
			runOnlyForDeploymentPostprocessing = 0;
		};
/* End PBXSourcesBuildPhase section */

/* Begin PBXTargetDependency section */
		63BFB6C628882606003D35E0 /* PBXTargetDependency */ = {
			isa = PBXTargetDependency;
			target = 63BFB6AD28882600003D35E0 /* instagramCloneFirebase */;
			targetProxy = 63BFB6C528882606003D35E0 /* PBXContainerItemProxy */;
		};
		63BFB6D028882606003D35E0 /* PBXTargetDependency */ = {
			isa = PBXTargetDependency;
			target = 63BFB6AD28882600003D35E0 /* instagramCloneFirebase */;
			targetProxy = 63BFB6CF28882606003D35E0 /* PBXContainerItemProxy */;
		};
/* End PBXTargetDependency section */

/* Begin PBXVariantGroup section */
		63BFB6B728882600003D35E0 /* Main.storyboard */ = {
			isa = PBXVariantGroup;
			children = (
				63BFB6B828882600003D35E0 /* Base */,
			);
			name = Main.storyboard;
			sourceTree = "<group>";
		};
		63BFB6BC28882605003D35E0 /* LaunchScreen.storyboard */ = {
			isa = PBXVariantGroup;
			children = (
				63BFB6BD28882605003D35E0 /* Base */,
			);
			name = LaunchScreen.storyboard;
			sourceTree = "<group>";
		};
/* End PBXVariantGroup section */

/* Begin XCBuildConfiguration section */
		63BFB6D628882606003D35E0 /* Debug */ = {
			isa = XCBuildConfiguration;
			buildSettings = {
				ALWAYS_SEARCH_USER_PATHS = NO;
				CLANG_ANALYZER_NONNULL = YES;
				CLANG_ANALYZER_NUMBER_OBJECT_CONVERSION = YES_AGGRESSIVE;
				CLANG_CXX_LANGUAGE_STANDARD = "gnu++17";
				CLANG_ENABLE_MODULES = YES;
				CLANG_ENABLE_OBJC_ARC = YES;
				CLANG_ENABLE_OBJC_WEAK = YES;
				CLANG_WARN_BLOCK_CAPTURE_AUTORELEASING = YES;
				CLANG_WARN_BOOL_CONVERSION = YES;
				CLANG_WARN_COMMA = YES;
				CLANG_WARN_CONSTANT_CONVERSION = YES;
				CLANG_WARN_DEPRECATED_OBJC_IMPLEMENTATIONS = YES;
				CLANG_WARN_DIRECT_OBJC_ISA_USAGE = YES_ERROR;
				CLANG_WARN_DOCUMENTATION_COMMENTS = YES;
				CLANG_WARN_EMPTY_BODY = YES;
				CLANG_WARN_ENUM_CONVERSION = YES;
				CLANG_WARN_INFINITE_RECURSION = YES;
				CLANG_WARN_INT_CONVERSION = YES;
				CLANG_WARN_NON_LITERAL_NULL_CONVERSION = YES;
				CLANG_WARN_OBJC_IMPLICIT_RETAIN_SELF = YES;
				CLANG_WARN_OBJC_LITERAL_CONVERSION = YES;
				CLANG_WARN_OBJC_ROOT_CLASS = YES_ERROR;
				CLANG_WARN_QUOTED_INCLUDE_IN_FRAMEWORK_HEADER = YES;
				CLANG_WARN_RANGE_LOOP_ANALYSIS = YES;
				CLANG_WARN_STRICT_PROTOTYPES = YES;
				CLANG_WARN_SUSPICIOUS_MOVE = YES;
				CLANG_WARN_UNGUARDED_AVAILABILITY = YES_AGGRESSIVE;
				CLANG_WARN_UNREACHABLE_CODE = YES;
				CLANG_WARN__DUPLICATE_METHOD_MATCH = YES;
				COPY_PHASE_STRIP = NO;
				DEBUG_INFORMATION_FORMAT = dwarf;
				ENABLE_STRICT_OBJC_MSGSEND = YES;
				ENABLE_TESTABILITY = YES;
				GCC_C_LANGUAGE_STANDARD = gnu11;
				GCC_DYNAMIC_NO_PIC = NO;
				GCC_NO_COMMON_BLOCKS = YES;
				GCC_OPTIMIZATION_LEVEL = 0;
				GCC_PREPROCESSOR_DEFINITIONS = (
					"DEBUG=1",
					"$(inherited)",
				);
				GCC_WARN_64_TO_32_BIT_CONVERSION = YES;
				GCC_WARN_ABOUT_RETURN_TYPE = YES_ERROR;
				GCC_WARN_UNDECLARED_SELECTOR = YES;
				GCC_WARN_UNINITIALIZED_AUTOS = YES_AGGRESSIVE;
				GCC_WARN_UNUSED_FUNCTION = YES;
				GCC_WARN_UNUSED_VARIABLE = YES;
				IPHONEOS_DEPLOYMENT_TARGET = 15.5;
				MTL_ENABLE_DEBUG_INFO = INCLUDE_SOURCE;
				MTL_FAST_MATH = YES;
				ONLY_ACTIVE_ARCH = YES;
				SDKROOT = iphoneos;
				SWIFT_ACTIVE_COMPILATION_CONDITIONS = DEBUG;
				SWIFT_OPTIMIZATION_LEVEL = "-Onone";
			};
			name = Debug;
		};
		63BFB6D728882606003D35E0 /* Release */ = {
			isa = XCBuildConfiguration;
			buildSettings = {
				ALWAYS_SEARCH_USER_PATHS = NO;
				CLANG_ANALYZER_NONNULL = YES;
				CLANG_ANALYZER_NUMBER_OBJECT_CONVERSION = YES_AGGRESSIVE;
				CLANG_CXX_LANGUAGE_STANDARD = "gnu++17";
				CLANG_ENABLE_MODULES = YES;
				CLANG_ENABLE_OBJC_ARC = YES;
				CLANG_ENABLE_OBJC_WEAK = YES;
				CLANG_WARN_BLOCK_CAPTURE_AUTORELEASING = YES;
				CLANG_WARN_BOOL_CONVERSION = YES;
				CLANG_WARN_COMMA = YES;
				CLANG_WARN_CONSTANT_CONVERSION = YES;
				CLANG_WARN_DEPRECATED_OBJC_IMPLEMENTATIONS = YES;
				CLANG_WARN_DIRECT_OBJC_ISA_USAGE = YES_ERROR;
				CLANG_WARN_DOCUMENTATION_COMMENTS = YES;
				CLANG_WARN_EMPTY_BODY = YES;
				CLANG_WARN_ENUM_CONVERSION = YES;
				CLANG_WARN_INFINITE_RECURSION = YES;
				CLANG_WARN_INT_CONVERSION = YES;
				CLANG_WARN_NON_LITERAL_NULL_CONVERSION = YES;
				CLANG_WARN_OBJC_IMPLICIT_RETAIN_SELF = YES;
				CLANG_WARN_OBJC_LITERAL_CONVERSION = YES;
				CLANG_WARN_OBJC_ROOT_CLASS = YES_ERROR;
				CLANG_WARN_QUOTED_INCLUDE_IN_FRAMEWORK_HEADER = YES;
				CLANG_WARN_RANGE_LOOP_ANALYSIS = YES;
				CLANG_WARN_STRICT_PROTOTYPES = YES;
				CLANG_WARN_SUSPICIOUS_MOVE = YES;
				CLANG_WARN_UNGUARDED_AVAILABILITY = YES_AGGRESSIVE;
				CLANG_WARN_UNREACHABLE_CODE = YES;
				CLANG_WARN__DUPLICATE_METHOD_MATCH = YES;
				COPY_PHASE_STRIP = NO;
				DEBUG_INFORMATION_FORMAT = "dwarf-with-dsym";
				ENABLE_NS_ASSERTIONS = NO;
				ENABLE_STRICT_OBJC_MSGSEND = YES;
				GCC_C_LANGUAGE_STANDARD = gnu11;
				GCC_NO_COMMON_BLOCKS = YES;
				GCC_WARN_64_TO_32_BIT_CONVERSION = YES;
				GCC_WARN_ABOUT_RETURN_TYPE = YES_ERROR;
				GCC_WARN_UNDECLARED_SELECTOR = YES;
				GCC_WARN_UNINITIALIZED_AUTOS = YES_AGGRESSIVE;
				GCC_WARN_UNUSED_FUNCTION = YES;
				GCC_WARN_UNUSED_VARIABLE = YES;
				IPHONEOS_DEPLOYMENT_TARGET = 15.5;
				MTL_ENABLE_DEBUG_INFO = NO;
				MTL_FAST_MATH = YES;
				SDKROOT = iphoneos;
				SWIFT_COMPILATION_MODE = wholemodule;
				SWIFT_OPTIMIZATION_LEVEL = "-O";
				VALIDATE_PRODUCT = YES;
			};
			name = Release;
		};
		63BFB6D928882606003D35E0 /* Debug */ = {
			isa = XCBuildConfiguration;
			buildSettings = {
				ASSETCATALOG_COMPILER_APPICON_NAME = AppIcon;
				ASSETCATALOG_COMPILER_GLOBAL_ACCENT_COLOR_NAME = AccentColor;
				CODE_SIGN_STYLE = Automatic;
				CURRENT_PROJECT_VERSION = 1;
				DEVELOPMENT_TEAM = HZS53T8UPQ;
				GENERATE_INFOPLIST_FILE = YES;
				INFOPLIST_FILE = instagramCloneFirebase/Info.plist;
				INFOPLIST_KEY_UIApplicationSupportsIndirectInputEvents = YES;
				INFOPLIST_KEY_UILaunchStoryboardName = LaunchScreen;
				INFOPLIST_KEY_UIMainStoryboardFile = Main;
				INFOPLIST_KEY_UISupportedInterfaceOrientations_iPad = "UIInterfaceOrientationPortrait UIInterfaceOrientationPortraitUpsideDown UIInterfaceOrientationLandscapeLeft UIInterfaceOrientationLandscapeRight";
				INFOPLIST_KEY_UISupportedInterfaceOrientations_iPhone = "UIInterfaceOrientationPortrait UIInterfaceOrientationLandscapeLeft UIInterfaceOrientationLandscapeRight";
				LD_RUNPATH_SEARCH_PATHS = (
					"$(inherited)",
					"@executable_path/Frameworks",
				);
				MARKETING_VERSION = 1.0;
				PRODUCT_BUNDLE_IDENTIFIER = dogukan.dogan.instagramCloneFirebase;
				PRODUCT_NAME = "$(TARGET_NAME)";
				SWIFT_EMIT_LOC_STRINGS = YES;
				SWIFT_VERSION = 5.0;
				TARGETED_DEVICE_FAMILY = "1,2";
			};
			name = Debug;
		};
		63BFB6DA28882606003D35E0 /* Release */ = {
			isa = XCBuildConfiguration;
			buildSettings = {
				ASSETCATALOG_COMPILER_APPICON_NAME = AppIcon;
				ASSETCATALOG_COMPILER_GLOBAL_ACCENT_COLOR_NAME = AccentColor;
				CODE_SIGN_STYLE = Automatic;
				CURRENT_PROJECT_VERSION = 1;
				DEVELOPMENT_TEAM = HZS53T8UPQ;
				GENERATE_INFOPLIST_FILE = YES;
				INFOPLIST_FILE = instagramCloneFirebase/Info.plist;
				INFOPLIST_KEY_UIApplicationSupportsIndirectInputEvents = YES;
				INFOPLIST_KEY_UILaunchStoryboardName = LaunchScreen;
				INFOPLIST_KEY_UIMainStoryboardFile = Main;
				INFOPLIST_KEY_UISupportedInterfaceOrientations_iPad = "UIInterfaceOrientationPortrait UIInterfaceOrientationPortraitUpsideDown UIInterfaceOrientationLandscapeLeft UIInterfaceOrientationLandscapeRight";
				INFOPLIST_KEY_UISupportedInterfaceOrientations_iPhone = "UIInterfaceOrientationPortrait UIInterfaceOrientationLandscapeLeft UIInterfaceOrientationLandscapeRight";
				LD_RUNPATH_SEARCH_PATHS = (
					"$(inherited)",
					"@executable_path/Frameworks",
				);
				MARKETING_VERSION = 1.0;
				PRODUCT_BUNDLE_IDENTIFIER = dogukan.dogan.instagramCloneFirebase;
				PRODUCT_NAME = "$(TARGET_NAME)";
				SWIFT_EMIT_LOC_STRINGS = YES;
				SWIFT_VERSION = 5.0;
				TARGETED_DEVICE_FAMILY = "1,2";
			};
			name = Release;
		};
		63BFB6DC28882606003D35E0 /* Debug */ = {
			isa = XCBuildConfiguration;
			buildSettings = {
				ALWAYS_EMBED_SWIFT_STANDARD_LIBRARIES = YES;
				BUNDLE_LOADER = "$(TEST_HOST)";
				CODE_SIGN_STYLE = Automatic;
				CURRENT_PROJECT_VERSION = 1;
				DEVELOPMENT_TEAM = HZS53T8UPQ;
				GENERATE_INFOPLIST_FILE = YES;
				IPHONEOS_DEPLOYMENT_TARGET = 15.5;
				MARKETING_VERSION = 1.0;
				PRODUCT_BUNDLE_IDENTIFIER = dogukan.dogan.instagramCloneFirebaseTests;
				PRODUCT_NAME = "$(TARGET_NAME)";
				SWIFT_EMIT_LOC_STRINGS = NO;
				SWIFT_VERSION = 5.0;
				TARGETED_DEVICE_FAMILY = "1,2";
				TEST_HOST = "$(BUILT_PRODUCTS_DIR)/instagramCloneFirebase.app/instagramCloneFirebase";
			};
			name = Debug;
		};
		63BFB6DD28882606003D35E0 /* Release */ = {
			isa = XCBuildConfiguration;
			buildSettings = {
				ALWAYS_EMBED_SWIFT_STANDARD_LIBRARIES = YES;
				BUNDLE_LOADER = "$(TEST_HOST)";
				CODE_SIGN_STYLE = Automatic;
				CURRENT_PROJECT_VERSION = 1;
				DEVELOPMENT_TEAM = HZS53T8UPQ;
				GENERATE_INFOPLIST_FILE = YES;
				IPHONEOS_DEPLOYMENT_TARGET = 15.5;
				MARKETING_VERSION = 1.0;
				PRODUCT_BUNDLE_IDENTIFIER = dogukan.dogan.instagramCloneFirebaseTests;
				PRODUCT_NAME = "$(TARGET_NAME)";
				SWIFT_EMIT_LOC_STRINGS = NO;
				SWIFT_VERSION = 5.0;
				TARGETED_DEVICE_FAMILY = "1,2";
				TEST_HOST = "$(BUILT_PRODUCTS_DIR)/instagramCloneFirebase.app/instagramCloneFirebase";
			};
			name = Release;
		};
		63BFB6DF28882606003D35E0 /* Debug */ = {
			isa = XCBuildConfiguration;
			buildSettings = {
				ALWAYS_EMBED_SWIFT_STANDARD_LIBRARIES = YES;
				CODE_SIGN_STYLE = Automatic;
				CURRENT_PROJECT_VERSION = 1;
				DEVELOPMENT_TEAM = HZS53T8UPQ;
				GENERATE_INFOPLIST_FILE = YES;
				MARKETING_VERSION = 1.0;
				PRODUCT_BUNDLE_IDENTIFIER = dogukan.dogan.instagramCloneFirebaseUITests;
				PRODUCT_NAME = "$(TARGET_NAME)";
				SWIFT_EMIT_LOC_STRINGS = NO;
				SWIFT_VERSION = 5.0;
				TARGETED_DEVICE_FAMILY = "1,2";
				TEST_TARGET_NAME = instagramCloneFirebase;
			};
			name = Debug;
		};
		63BFB6E028882606003D35E0 /* Release */ = {
			isa = XCBuildConfiguration;
			buildSettings = {
				ALWAYS_EMBED_SWIFT_STANDARD_LIBRARIES = YES;
				CODE_SIGN_STYLE = Automatic;
				CURRENT_PROJECT_VERSION = 1;
				DEVELOPMENT_TEAM = HZS53T8UPQ;
				GENERATE_INFOPLIST_FILE = YES;
				MARKETING_VERSION = 1.0;
				PRODUCT_BUNDLE_IDENTIFIER = dogukan.dogan.instagramCloneFirebaseUITests;
				PRODUCT_NAME = "$(TARGET_NAME)";
				SWIFT_EMIT_LOC_STRINGS = NO;
				SWIFT_VERSION = 5.0;
				TARGETED_DEVICE_FAMILY = "1,2";
				TEST_TARGET_NAME = instagramCloneFirebase;
			};
			name = Release;
		};
/* End XCBuildConfiguration section */

/* Begin XCConfigurationList section */
		63BFB6A928882600003D35E0 /* Build configuration list for PBXProject "instagramCloneFirebase" */ = {
			isa = XCConfigurationList;
			buildConfigurations = (
				63BFB6D628882606003D35E0 /* Debug */,
				63BFB6D728882606003D35E0 /* Release */,
			);
			defaultConfigurationIsVisible = 0;
			defaultConfigurationName = Release;
		};
		63BFB6D828882606003D35E0 /* Build configuration list for PBXNativeTarget "instagramCloneFirebase" */ = {
			isa = XCConfigurationList;
			buildConfigurations = (
				63BFB6D928882606003D35E0 /* Debug */,
				63BFB6DA28882606003D35E0 /* Release */,
			);
			defaultConfigurationIsVisible = 0;
			defaultConfigurationName = Release;
		};
		63BFB6DB28882606003D35E0 /* Build configuration list for PBXNativeTarget "instagramCloneFirebaseTests" */ = {
			isa = XCConfigurationList;
			buildConfigurations = (
				63BFB6DC28882606003D35E0 /* Debug */,
				63BFB6DD28882606003D35E0 /* Release */,
			);
			defaultConfigurationIsVisible = 0;
			defaultConfigurationName = Release;
		};
		63BFB6DE28882606003D35E0 /* Build configuration list for PBXNativeTarget "instagramCloneFirebaseUITests" */ = {
			isa = XCConfigurationList;
			buildConfigurations = (
				63BFB6DF28882606003D35E0 /* Debug */,
				63BFB6E028882606003D35E0 /* Release */,
			);
			defaultConfigurationIsVisible = 0;
			defaultConfigurationName = Release;
		};
/* End XCConfigurationList section */

/* Begin XCRemoteSwiftPackageReference section */
		63BFB6E5288828CB003D35E0 /* XCRemoteSwiftPackageReference "firebase-ios-sdk" */ = {
			isa = XCRemoteSwiftPackageReference;
			repositoryURL = "https://github.com/firebase/firebase-ios-sdk";
			requirement = {
				kind = upToNextMajorVersion;
				minimumVersion = 9.0.0;
			};
		};
/* End XCRemoteSwiftPackageReference section */

/* Begin XCSwiftPackageProductDependency section */
		63BFB6E6288828CB003D35E0 /* FirebaseAnalytics */ = {
			isa = XCSwiftPackageProductDependency;
			package = 63BFB6E5288828CB003D35E0 /* XCRemoteSwiftPackageReference "firebase-ios-sdk" */;
			productName = FirebaseAnalytics;
		};
		63BFB6E8288828CB003D35E0 /* FirebaseAnalyticsOnDeviceConversion */ = {
			isa = XCSwiftPackageProductDependency;
			package = 63BFB6E5288828CB003D35E0 /* XCRemoteSwiftPackageReference "firebase-ios-sdk" */;
			productName = FirebaseAnalyticsOnDeviceConversion;
		};
		63BFB6EA288828CB003D35E0 /* FirebaseAnalyticsSwift */ = {
			isa = XCSwiftPackageProductDependency;
			package = 63BFB6E5288828CB003D35E0 /* XCRemoteSwiftPackageReference "firebase-ios-sdk" */;
			productName = FirebaseAnalyticsSwift;
		};
		63BFB6EC288828CB003D35E0 /* FirebaseAnalyticsWithoutAdIdSupport */ = {
			isa = XCSwiftPackageProductDependency;
			package = 63BFB6E5288828CB003D35E0 /* XCRemoteSwiftPackageReference "firebase-ios-sdk" */;
			productName = FirebaseAnalyticsWithoutAdIdSupport;
		};
		63BFB6EE288828CB003D35E0 /* FirebaseAppCheck */ = {
			isa = XCSwiftPackageProductDependency;
			package = 63BFB6E5288828CB003D35E0 /* XCRemoteSwiftPackageReference "firebase-ios-sdk" */;
			productName = FirebaseAppCheck;
		};
		63BFB6F0288828CB003D35E0 /* FirebaseAppDistribution-Beta */ = {
			isa = XCSwiftPackageProductDependency;
			package = 63BFB6E5288828CB003D35E0 /* XCRemoteSwiftPackageReference "firebase-ios-sdk" */;
			productName = "FirebaseAppDistribution-Beta";
		};
		63BFB6F2288828CB003D35E0 /* FirebaseAuth */ = {
			isa = XCSwiftPackageProductDependency;
			package = 63BFB6E5288828CB003D35E0 /* XCRemoteSwiftPackageReference "firebase-ios-sdk" */;
			productName = FirebaseAuth;
		};
		63BFB6F4288828CB003D35E0 /* FirebaseAuthCombine-Community */ = {
			isa = XCSwiftPackageProductDependency;
			package = 63BFB6E5288828CB003D35E0 /* XCRemoteSwiftPackageReference "firebase-ios-sdk" */;
			productName = "FirebaseAuthCombine-Community";
		};
		63BFB6F6288828CB003D35E0 /* FirebaseCrashlytics */ = {
			isa = XCSwiftPackageProductDependency;
			package = 63BFB6E5288828CB003D35E0 /* XCRemoteSwiftPackageReference "firebase-ios-sdk" */;
			productName = FirebaseCrashlytics;
		};
		63BFB6F8288828CB003D35E0 /* FirebaseDatabase */ = {
			isa = XCSwiftPackageProductDependency;
			package = 63BFB6E5288828CB003D35E0 /* XCRemoteSwiftPackageReference "firebase-ios-sdk" */;
			productName = FirebaseDatabase;
		};
		63BFB6FA288828CB003D35E0 /* FirebaseDatabaseSwift */ = {
			isa = XCSwiftPackageProductDependency;
			package = 63BFB6E5288828CB003D35E0 /* XCRemoteSwiftPackageReference "firebase-ios-sdk" */;
			productName = FirebaseDatabaseSwift;
		};
		63BFB6FC288828CB003D35E0 /* FirebaseDynamicLinks */ = {
			isa = XCSwiftPackageProductDependency;
			package = 63BFB6E5288828CB003D35E0 /* XCRemoteSwiftPackageReference "firebase-ios-sdk" */;
			productName = FirebaseDynamicLinks;
		};
		63BFB6FE288828CB003D35E0 /* FirebaseFirestore */ = {
			isa = XCSwiftPackageProductDependency;
			package = 63BFB6E5288828CB003D35E0 /* XCRemoteSwiftPackageReference "firebase-ios-sdk" */;
			productName = FirebaseFirestore;
		};
		63BFB700288828CB003D35E0 /* FirebaseFirestoreCombine-Community */ = {
			isa = XCSwiftPackageProductDependency;
			package = 63BFB6E5288828CB003D35E0 /* XCRemoteSwiftPackageReference "firebase-ios-sdk" */;
			productName = "FirebaseFirestoreCombine-Community";
		};
		63BFB702288828CB003D35E0 /* FirebaseFirestoreSwift */ = {
			isa = XCSwiftPackageProductDependency;
			package = 63BFB6E5288828CB003D35E0 /* XCRemoteSwiftPackageReference "firebase-ios-sdk" */;
			productName = FirebaseFirestoreSwift;
		};
		63BFB704288828CB003D35E0 /* FirebaseFunctions */ = {
			isa = XCSwiftPackageProductDependency;
			package = 63BFB6E5288828CB003D35E0 /* XCRemoteSwiftPackageReference "firebase-ios-sdk" */;
			productName = FirebaseFunctions;
		};
		63BFB706288828CB003D35E0 /* FirebaseFunctionsCombine-Community */ = {
			isa = XCSwiftPackageProductDependency;
			package = 63BFB6E5288828CB003D35E0 /* XCRemoteSwiftPackageReference "firebase-ios-sdk" */;
			productName = "FirebaseFunctionsCombine-Community";
		};
		63BFB708288828CB003D35E0 /* FirebaseInAppMessaging-Beta */ = {
			isa = XCSwiftPackageProductDependency;
			package = 63BFB6E5288828CB003D35E0 /* XCRemoteSwiftPackageReference "firebase-ios-sdk" */;
			productName = "FirebaseInAppMessaging-Beta";
		};
		63BFB70A288828CB003D35E0 /* FirebaseInAppMessagingSwift-Beta */ = {
			isa = XCSwiftPackageProductDependency;
			package = 63BFB6E5288828CB003D35E0 /* XCRemoteSwiftPackageReference "firebase-ios-sdk" */;
			productName = "FirebaseInAppMessagingSwift-Beta";
		};
		63BFB70C288828CB003D35E0 /* FirebaseInstallations */ = {
			isa = XCSwiftPackageProductDependency;
			package = 63BFB6E5288828CB003D35E0 /* XCRemoteSwiftPackageReference "firebase-ios-sdk" */;
			productName = FirebaseInstallations;
		};
		63BFB70E288828CB003D35E0 /* FirebaseMLModelDownloader */ = {
			isa = XCSwiftPackageProductDependency;
			package = 63BFB6E5288828CB003D35E0 /* XCRemoteSwiftPackageReference "firebase-ios-sdk" */;
			productName = FirebaseMLModelDownloader;
		};
		63BFB710288828CB003D35E0 /* FirebaseMessaging */ = {
			isa = XCSwiftPackageProductDependency;
			package = 63BFB6E5288828CB003D35E0 /* XCRemoteSwiftPackageReference "firebase-ios-sdk" */;
			productName = FirebaseMessaging;
		};
		63BFB712288828CB003D35E0 /* FirebasePerformance */ = {
			isa = XCSwiftPackageProductDependency;
			package = 63BFB6E5288828CB003D35E0 /* XCRemoteSwiftPackageReference "firebase-ios-sdk" */;
			productName = FirebasePerformance;
		};
		63BFB714288828CB003D35E0 /* FirebaseRemoteConfig */ = {
			isa = XCSwiftPackageProductDependency;
			package = 63BFB6E5288828CB003D35E0 /* XCRemoteSwiftPackageReference "firebase-ios-sdk" */;
			productName = FirebaseRemoteConfig;
		};
		63BFB716288828CB003D35E0 /* FirebaseRemoteConfigSwift */ = {
			isa = XCSwiftPackageProductDependency;
			package = 63BFB6E5288828CB003D35E0 /* XCRemoteSwiftPackageReference "firebase-ios-sdk" */;
			productName = FirebaseRemoteConfigSwift;
		};
		63BFB718288828CB003D35E0 /* FirebaseStorage */ = {
			isa = XCSwiftPackageProductDependency;
			package = 63BFB6E5288828CB003D35E0 /* XCRemoteSwiftPackageReference "firebase-ios-sdk" */;
			productName = FirebaseStorage;
		};
		63BFB71A288828CB003D35E0 /* FirebaseStorageCombine-Community */ = {
			isa = XCSwiftPackageProductDependency;
			package = 63BFB6E5288828CB003D35E0 /* XCRemoteSwiftPackageReference "firebase-ios-sdk" */;
			productName = "FirebaseStorageCombine-Community";
		};
/* End XCSwiftPackageProductDependency section */
	};
	rootObject = 63BFB6A628882600003D35E0 /* Project object */;
}
