// !$*UTF8*$!
{
	archiveVersion = 1;
	classes = {
	};
	objectVersion = 55;
	objects = {

/* Begin PBXBuildFile section */
		6380775728896BAC00BC27BD /* feedTableViewCell.swift in Sources */ = {isa = PBXBuildFile; fileRef = 6380775628896BAC00BC27BD /* feedTableViewCell.swift */; };
		63BFB6B228882600003D35E0 /* AppDelegate.swift in Sources */ = {isa = PBXBuildFile; fileRef = 63BFB6B128882600003D35E0 /* AppDelegate.swift */; };
		63BFB6B428882600003D35E0 /* SceneDelegate.swift in Sources */ = {isa = PBXBuildFile; fileRef = 63BFB6B328882600003D35E0 /* SceneDelegate.swift */; };
		63BFB6B628882600003D35E0 /* ViewController.swift in Sources */ = {isa = PBXBuildFile; fileRef = 63BFB6B528882600003D35E0 /* ViewController.swift */; };
		63BFB6B928882600003D35E0 /* Main.storyboard in Resources */ = {isa = PBXBuildFile; fileRef = 63BFB6B728882600003D35E0 /* Main.storyboard */; };
		63BFB6BB28882605003D35E0 /* Assets.xcassets in Resources */ = {isa = PBXBuildFile; fileRef = 63BFB6BA28882605003D35E0 /* Assets.xcassets */; };
		63BFB6BE28882605003D35E0 /* LaunchScreen.storyboard in Resources */ = {isa = PBXBuildFile; fileRef = 63BFB6BC28882605003D35E0 /* LaunchScreen.storyboard */; };
		63BFB6C928882606003D35E0 /* instagramCloneFirebaseTests.swift in Sources */ = {isa = PBXBuildFile; fileRef = 63BFB6C828882606003D35E0 /* instagramCloneFirebaseTests.swift */; };
		63BFB6D328882606003D35E0 /* instagramCloneFirebaseUITests.swift in Sources */ = {isa = PBXBuildFile; fileRef = 63BFB6D228882606003D35E0 /* instagramCloneFirebaseUITests.swift */; };
		63BFB6D528882606003D35E0 /* instagramCloneFirebaseUITestsLaunchTests.swift in Sources */ = {isa = PBXBuildFile; fileRef = 63BFB6D428882606003D35E0 /* instagramCloneFirebaseUITestsLaunchTests.swift */; };
		63BFB6E428882747003D35E0 /* GoogleService-Info.plist in Resources */ = {isa = PBXBuildFile; fileRef = 63BFB6E328882747003D35E0 /* GoogleService-Info.plist */; };
		63BFB71D28883C20003D35E0 /* feedViewController.swift in Sources */ = {isa = PBXBuildFile; fileRef = 63BFB71C28883C20003D35E0 /* feedViewController.swift */; };
		63BFB71F28883C30003D35E0 /* uploadViewController.swift in Sources */ = {isa = PBXBuildFile; fileRef = 63BFB71E28883C30003D35E0 /* uploadViewController.swift */; };
		63BFB72128883D2F003D35E0 /* settingsViewController.swift in Sources */ = {isa = PBXBuildFile; fileRef = 63BFB72028883D2F003D35E0 /* settingsViewController.swift */; };
		6E55084005983E1F7F6EC563 /* Pods_instagramCloneFirebase.framework in Frameworks */ = {isa = PBXBuildFile; fileRef = 96123030A6405B0549BBC613 /* Pods_instagramCloneFirebase.framework */; };
		99F0C6DD96601BD60FA28F94 /* Pods_instagramCloneFirebase_instagramCloneFirebaseUITests.framework in Frameworks */ = {isa = PBXBuildFile; fileRef = AB8317C71EBD86298C75E7A1 /* Pods_instagramCloneFirebase_instagramCloneFirebaseUITests.framework */; };
		E454B8D421A00107FB4CDC6C /* Pods_instagramCloneFirebaseTests.framework in Frameworks */ = {isa = PBXBuildFile; fileRef = 95B8CC38141F94536DDAE63A /* Pods_instagramCloneFirebaseTests.framework */; };
/* End PBXBuildFile section */

/* Begin PBXContainerItemProxy section */
		63BFB6C528882606003D35E0 /* PBXContainerItemProxy */ = {
			isa = PBXContainerItemProxy;
			containerPortal = 63BFB6A628882600003D35E0 /* Project object */;
			proxyType = 1;
			remoteGlobalIDString = 63BFB6AD28882600003D35E0;
			remoteInfo = instagramCloneFirebase;
		};
		63BFB6CF28882606003D35E0 /* PBXContainerItemProxy */ = {
			isa = PBXContainerItemProxy;
			containerPortal = 63BFB6A628882600003D35E0 /* Project object */;
			proxyType = 1;
			remoteGlobalIDString = 63BFB6AD28882600003D35E0;
			remoteInfo = instagramCloneFirebase;
		};
/* End PBXContainerItemProxy section */

/* Begin PBXFileReference section */
		105738519C09C786777D9604 /* Pods-instagramCloneFirebase-instagramCloneFirebaseUITests.release.xcconfig */ = {isa = PBXFileReference; includeInIndex = 1; lastKnownFileType = text.xcconfig; name = "Pods-instagramCloneFirebase-instagramCloneFirebaseUITests.release.xcconfig"; path = "Target Support Files/Pods-instagramCloneFirebase-instagramCloneFirebaseUITests/Pods-instagramCloneFirebase-instagramCloneFirebaseUITests.release.xcconfig"; sourceTree = "<group>"; };
		2F9EC307FC979634B55F5ACF /* Pods-instagramCloneFirebaseTests.release.xcconfig */ = {isa = PBXFileReference; includeInIndex = 1; lastKnownFileType = text.xcconfig; name = "Pods-instagramCloneFirebaseTests.release.xcconfig"; path = "Target Support Files/Pods-instagramCloneFirebaseTests/Pods-instagramCloneFirebaseTests.release.xcconfig"; sourceTree = "<group>"; };
		6380775628896BAC00BC27BD /* feedTableViewCell.swift */ = {isa = PBXFileReference; lastKnownFileType = sourcecode.swift; path = feedTableViewCell.swift; sourceTree = "<group>"; };
		63BFB6AE28882600003D35E0 /* instagramCloneFirebase.app */ = {isa = PBXFileReference; explicitFileType = wrapper.application; includeInIndex = 0; path = instagramCloneFirebase.app; sourceTree = BUILT_PRODUCTS_DIR; };
		63BFB6B128882600003D35E0 /* AppDelegate.swift */ = {isa = PBXFileReference; lastKnownFileType = sourcecode.swift; path = AppDelegate.swift; sourceTree = "<group>"; };
		63BFB6B328882600003D35E0 /* SceneDelegate.swift */ = {isa = PBXFileReference; lastKnownFileType = sourcecode.swift; path = SceneDelegate.swift; sourceTree = "<group>"; };
		63BFB6B528882600003D35E0 /* ViewController.swift */ = {isa = PBXFileReference; lastKnownFileType = sourcecode.swift; path = ViewController.swift; sourceTree = "<group>"; };
		63BFB6B828882600003D35E0 /* Base */ = {isa = PBXFileReference; lastKnownFileType = file.storyboard; name = Base; path = Base.lproj/Main.storyboard; sourceTree = "<group>"; };
		63BFB6BA28882605003D35E0 /* Assets.xcassets */ = {isa = PBXFileReference; lastKnownFileType = folder.assetcatalog; path = Assets.xcassets; sourceTree = "<group>"; };
		63BFB6BD28882605003D35E0 /* Base */ = {isa = PBXFileReference; lastKnownFileType = file.storyboard; name = Base; path = Base.lproj/LaunchScreen.storyboard; sourceTree = "<group>"; };
		63BFB6BF28882605003D35E0 /* Info.plist */ = {isa = PBXFileReference; lastKnownFileType = text.plist.xml; path = Info.plist; sourceTree = "<group>"; };
		63BFB6C428882606003D35E0 /* instagramCloneFirebaseTests.xctest */ = {isa = PBXFileReference; explicitFileType = wrapper.cfbundle; includeInIndex = 0; path = instagramCloneFirebaseTests.xctest; sourceTree = BUILT_PRODUCTS_DIR; };
		63BFB6C828882606003D35E0 /* instagramCloneFirebaseTests.swift */ = {isa = PBXFileReference; lastKnownFileType = sourcecode.swift; path = instagramCloneFirebaseTests.swift; sourceTree = "<group>"; };
		63BFB6CE28882606003D35E0 /* instagramCloneFirebaseUITests.xctest */ = {isa = PBXFileReference; explicitFileType = wrapper.cfbundle; includeInIndex = 0; path = instagramCloneFirebaseUITests.xctest; sourceTree = BUILT_PRODUCTS_DIR; };
		63BFB6D228882606003D35E0 /* instagramCloneFirebaseUITests.swift */ = {isa = PBXFileReference; lastKnownFileType = sourcecode.swift; path = instagramCloneFirebaseUITests.swift; sourceTree = "<group>"; };
		63BFB6D428882606003D35E0 /* instagramCloneFirebaseUITestsLaunchTests.swift */ = {isa = PBXFileReference; lastKnownFileType = sourcecode.swift; path = instagramCloneFirebaseUITestsLaunchTests.swift; sourceTree = "<group>"; };
		63BFB6E328882747003D35E0 /* GoogleService-Info.plist */ = {isa = PBXFileReference; fileEncoding = 4; lastKnownFileType = text.plist.xml; path = "GoogleService-Info.plist"; sourceTree = "<group>"; };
		63BFB71C28883C20003D35E0 /* feedViewController.swift */ = {isa = PBXFileReference; lastKnownFileType = sourcecode.swift; path = feedViewController.swift; sourceTree = "<group>"; };
		63BFB71E28883C30003D35E0 /* uploadViewController.swift */ = {isa = PBXFileReference; lastKnownFileType = sourcecode.swift; path = uploadViewController.swift; sourceTree = "<group>"; };
		63BFB72028883D2F003D35E0 /* settingsViewController.swift */ = {isa = PBXFileReference; lastKnownFileType = sourcecode.swift; path = settingsViewController.swift; sourceTree = "<group>"; };
		95B8CC38141F94536DDAE63A /* Pods_instagramCloneFirebaseTests.framework */ = {isa = PBXFileReference; explicitFileType = wrapper.framework; includeInIndex = 0; path = Pods_instagramCloneFirebaseTests.framework; sourceTree = BUILT_PRODUCTS_DIR; };
		96123030A6405B0549BBC613 /* Pods_instagramCloneFirebase.framework */ = {isa = PBXFileReference; explicitFileType = wrapper.framework; includeInIndex = 0; path = Pods_instagramCloneFirebase.framework; sourceTree = BUILT_PRODUCTS_DIR; };
		9DBE3F78DE8B554261A0DB54 /* Pods-instagramCloneFirebase-instagramCloneFirebaseUITests.debug.xcconfig */ = {isa = PBXFileReference; includeInIndex = 1; lastKnownFileType = text.xcconfig; name = "Pods-instagramCloneFirebase-instagramCloneFirebaseUITests.debug.xcconfig"; path = "Target Support Files/Pods-instagramCloneFirebase-instagramCloneFirebaseUITests/Pods-instagramCloneFirebase-instagramCloneFirebaseUITests.debug.xcconfig"; sourceTree = "<group>"; };
		AB8317C71EBD86298C75E7A1 /* Pods_instagramCloneFirebase_instagramCloneFirebaseUITests.framework */ = {isa = PBXFileReference; explicitFileType = wrapper.framework; includeInIndex = 0; path = Pods_instagramCloneFirebase_instagramCloneFirebaseUITests.framework; sourceTree = BUILT_PRODUCTS_DIR; };
		B1C18A7C7EC0025788841D9D /* Pods-instagramCloneFirebase.release.xcconfig */ = {isa = PBXFileReference; includeInIndex = 1; lastKnownFileType = text.xcconfig; name = "Pods-instagramCloneFirebase.release.xcconfig"; path = "Target Support Files/Pods-instagramCloneFirebase/Pods-instagramCloneFirebase.release.xcconfig"; sourceTree = "<group>"; };
		F2FEDF35EE1B05DD5FBDDCAA /* Pods-instagramCloneFirebaseTests.debug.xcconfig */ = {isa = PBXFileReference; includeInIndex = 1; lastKnownFileType = text.xcconfig; name = "Pods-instagramCloneFirebaseTests.debug.xcconfig"; path = "Target Support Files/Pods-instagramCloneFirebaseTests/Pods-instagramCloneFirebaseTests.debug.xcconfig"; sourceTree = "<group>"; };
		F3DD4D704B764D7E062CC678 /* Pods-instagramCloneFirebase.debug.xcconfig */ = {isa = PBXFileReference; includeInIndex = 1; lastKnownFileType = text.xcconfig; name = "Pods-instagramCloneFirebase.debug.xcconfig"; path = "Target Support Files/Pods-instagramCloneFirebase/Pods-instagramCloneFirebase.debug.xcconfig"; sourceTree = "<group>"; };
/* End PBXFileReference section */

/* Begin PBXFrameworksBuildPhase section */
		63BFB6AB28882600003D35E0 /* Frameworks */ = {
			isa = PBXFrameworksBuildPhase;
			buildActionMask = 2147483647;
			files = (
				6E55084005983E1F7F6EC563 /* Pods_instagramCloneFirebase.framework in Frameworks */,
			);
			runOnlyForDeploymentPostprocessing = 0;
		};
		63BFB6C128882606003D35E0 /* Frameworks */ = {
			isa = PBXFrameworksBuildPhase;
			buildActionMask = 2147483647;
			files = (
				E454B8D421A00107FB4CDC6C /* Pods_instagramCloneFirebaseTests.framework in Frameworks */,
			);
			runOnlyForDeploymentPostprocessing = 0;
		};
		63BFB6CB28882606003D35E0 /* Frameworks */ = {
			isa = PBXFrameworksBuildPhase;
			buildActionMask = 2147483647;
			files = (
				99F0C6DD96601BD60FA28F94 /* Pods_instagramCloneFirebase_instagramCloneFirebaseUITests.framework in Frameworks */,
			);
			runOnlyForDeploymentPostprocessing = 0;
		};
/* End PBXFrameworksBuildPhase section */

/* Begin PBXGroup section */
		59973E035E92E79AF844E2BC /* Frameworks */ = {
			isa = PBXGroup;
			children = (
				96123030A6405B0549BBC613 /* Pods_instagramCloneFirebase.framework */,
				AB8317C71EBD86298C75E7A1 /* Pods_instagramCloneFirebase_instagramCloneFirebaseUITests.framework */,
				95B8CC38141F94536DDAE63A /* Pods_instagramCloneFirebaseTests.framework */,
			);
			name = Frameworks;
			sourceTree = "<group>";
		};
		63BFB6A528882600003D35E0 = {
			isa = PBXGroup;
			children = (
				63BFB6B028882600003D35E0 /* instagramCloneFirebase */,
				63BFB6C728882606003D35E0 /* instagramCloneFirebaseTests */,
				63BFB6D128882606003D35E0 /* instagramCloneFirebaseUITests */,
				63BFB6AF28882600003D35E0 /* Products */,
				EA47A54C39F5171413F33D77 /* Pods */,
				59973E035E92E79AF844E2BC /* Frameworks */,
			);
			sourceTree = "<group>";
		};
		63BFB6AF28882600003D35E0 /* Products */ = {
			isa = PBXGroup;
			children = (
				63BFB6AE28882600003D35E0 /* instagramCloneFirebase.app */,
				63BFB6C428882606003D35E0 /* instagramCloneFirebaseTests.xctest */,
				63BFB6CE28882606003D35E0 /* instagramCloneFirebaseUITests.xctest */,
			);
			name = Products;
			sourceTree = "<group>";
		};
		63BFB6B028882600003D35E0 /* instagramCloneFirebase */ = {
			isa = PBXGroup;
			children = (
				63BFB6B128882600003D35E0 /* AppDelegate.swift */,
				63BFB6B328882600003D35E0 /* SceneDelegate.swift */,
				63BFB6B528882600003D35E0 /* ViewController.swift */,
				63BFB71C28883C20003D35E0 /* feedViewController.swift */,
				6380775628896BAC00BC27BD /* feedTableViewCell.swift */,
				63BFB71E28883C30003D35E0 /* uploadViewController.swift */,
				63BFB72028883D2F003D35E0 /* settingsViewController.swift */,
				63BFB6B728882600003D35E0 /* Main.storyboard */,
				63BFB6BA28882605003D35E0 /* Assets.xcassets */,
				63BFB6BC28882605003D35E0 /* LaunchScreen.storyboard */,
				63BFB6BF28882605003D35E0 /* Info.plist */,
				63BFB6E328882747003D35E0 /* GoogleService-Info.plist */,
			);
			path = instagramCloneFirebase;
			sourceTree = "<group>";
		};
		63BFB6C728882606003D35E0 /* instagramCloneFirebaseTests */ = {
			isa = PBXGroup;
			children = (
				63BFB6C828882606003D35E0 /* instagramCloneFirebaseTests.swift */,
			);
			path = instagramCloneFirebaseTests;
			sourceTree = "<group>";
		};
		63BFB6D128882606003D35E0 /* instagramCloneFirebaseUITests */ = {
			isa = PBXGroup;
			children = (
				63BFB6D228882606003D35E0 /* instagramCloneFirebaseUITests.swift */,
				63BFB6D428882606003D35E0 /* instagramCloneFirebaseUITestsLaunchTests.swift */,
			);
			path = instagramCloneFirebaseUITests;
			sourceTree = "<group>";
		};
		EA47A54C39F5171413F33D77 /* Pods */ = {
			isa = PBXGroup;
			children = (
				F3DD4D704B764D7E062CC678 /* Pods-instagramCloneFirebase.debug.xcconfig */,
				B1C18A7C7EC0025788841D9D /* Pods-instagramCloneFirebase.release.xcconfig */,
				9DBE3F78DE8B554261A0DB54 /* Pods-instagramCloneFirebase-instagramCloneFirebaseUITests.debug.xcconfig */,
				105738519C09C786777D9604 /* Pods-instagramCloneFirebase-instagramCloneFirebaseUITests.release.xcconfig */,
				F2FEDF35EE1B05DD5FBDDCAA /* Pods-instagramCloneFirebaseTests.debug.xcconfig */,
				2F9EC307FC979634B55F5ACF /* Pods-instagramCloneFirebaseTests.release.xcconfig */,
			);
			path = Pods;
			sourceTree = "<group>";
		};
/* End PBXGroup section */

/* Begin PBXNativeTarget section */
		63BFB6AD28882600003D35E0 /* instagramCloneFirebase */ = {
			isa = PBXNativeTarget;
			buildConfigurationList = 63BFB6D828882606003D35E0 /* Build configuration list for PBXNativeTarget "instagramCloneFirebase" */;
			buildPhases = (
				91CA838A72A448766B6FAFE4 /* [CP] Check Pods Manifest.lock */,
				63BFB6AA28882600003D35E0 /* Sources */,
				63BFB6AB28882600003D35E0 /* Frameworks */,
				63BFB6AC28882600003D35E0 /* Resources */,
				5320E82D85A6DAD1F0B68F3A /* [CP] Embed Pods Frameworks */,
			);
			buildRules = (
			);
			dependencies = (
			);
			name = instagramCloneFirebase;
			packageProductDependencies = (
			);
			productName = instagramCloneFirebase;
			productReference = 63BFB6AE28882600003D35E0 /* instagramCloneFirebase.app */;
			productType = "com.apple.product-type.application";
		};
		63BFB6C328882606003D35E0 /* instagramCloneFirebaseTests */ = {
			isa = PBXNativeTarget;
			buildConfigurationList = 63BFB6DB28882606003D35E0 /* Build configuration list for PBXNativeTarget "instagramCloneFirebaseTests" */;
			buildPhases = (
				1FE564C4580E8465F04EC222 /* [CP] Check Pods Manifest.lock */,
				63BFB6C028882606003D35E0 /* Sources */,
				63BFB6C128882606003D35E0 /* Frameworks */,
				63BFB6C228882606003D35E0 /* Resources */,
			);
			buildRules = (
			);
			dependencies = (
				63BFB6C628882606003D35E0 /* PBXTargetDependency */,
			);
			name = instagramCloneFirebaseTests;
			productName = instagramCloneFirebaseTests;
			productReference = 63BFB6C428882606003D35E0 /* instagramCloneFirebaseTests.xctest */;
			productType = "com.apple.product-type.bundle.unit-test";
		};
		63BFB6CD28882606003D35E0 /* instagramCloneFirebaseUITests */ = {
			isa = PBXNativeTarget;
			buildConfigurationList = 63BFB6DE28882606003D35E0 /* Build configuration list for PBXNativeTarget "instagramCloneFirebaseUITests" */;
			buildPhases = (
				F268166B56A4207F03263D5E /* [CP] Check Pods Manifest.lock */,
				63BFB6CA28882606003D35E0 /* Sources */,
				63BFB6CB28882606003D35E0 /* Frameworks */,
				63BFB6CC28882606003D35E0 /* Resources */,
				A91CC9CBCCBCADC34274E143 /* [CP] Embed Pods Frameworks */,
			);
			buildRules = (
			);
			dependencies = (
				63BFB6D028882606003D35E0 /* PBXTargetDependency */,
			);
			name = instagramCloneFirebaseUITests;
			productName = instagramCloneFirebaseUITests;
			productReference = 63BFB6CE28882606003D35E0 /* instagramCloneFirebaseUITests.xctest */;
			productType = "com.apple.product-type.bundle.ui-testing";
		};
/* End PBXNativeTarget section */

/* Begin PBXProject section */
		63BFB6A628882600003D35E0 /* Project object */ = {
			isa = PBXProject;
			attributes = {
				BuildIndependentTargetsInParallel = 1;
				LastSwiftUpdateCheck = 1340;
				LastUpgradeCheck = 1340;
				TargetAttributes = {
					63BFB6AD28882600003D35E0 = {
						CreatedOnToolsVersion = 13.4.1;
					};
					63BFB6C328882606003D35E0 = {
						CreatedOnToolsVersion = 13.4.1;
						TestTargetID = 63BFB6AD28882600003D35E0;
					};
					63BFB6CD28882606003D35E0 = {
						CreatedOnToolsVersion = 13.4.1;
						TestTargetID = 63BFB6AD28882600003D35E0;
					};
				};
			};
			buildConfigurationList = 63BFB6A928882600003D35E0 /* Build configuration list for PBXProject "instagramCloneFirebase" */;
			compatibilityVersion = "Xcode 13.0";
			developmentRegion = en;
			hasScannedForEncodings = 0;
			knownRegions = (
				en,
				Base,
			);
			mainGroup = 63BFB6A528882600003D35E0;
			packageReferences = (
			);
			productRefGroup = 63BFB6AF28882600003D35E0 /* Products */;
			projectDirPath = "";
			projectRoot = "";
			targets = (
				63BFB6AD28882600003D35E0 /* instagramCloneFirebase */,
				63BFB6C328882606003D35E0 /* instagramCloneFirebaseTests */,
				63BFB6CD28882606003D35E0 /* instagramCloneFirebaseUITests */,
			);
		};
/* End PBXProject section */

/* Begin PBXResourcesBuildPhase section */
		63BFB6AC28882600003D35E0 /* Resources */ = {
			isa = PBXResourcesBuildPhase;
			buildActionMask = 2147483647;
			files = (
				63BFB6BE28882605003D35E0 /* LaunchScreen.storyboard in Resources */,
				63BFB6E428882747003D35E0 /* GoogleService-Info.plist in Resources */,
				63BFB6BB28882605003D35E0 /* Assets.xcassets in Resources */,
				63BFB6B928882600003D35E0 /* Main.storyboard in Resources */,
			);
			runOnlyForDeploymentPostprocessing = 0;
		};
		63BFB6C228882606003D35E0 /* Resources */ = {
			isa = PBXResourcesBuildPhase;
			buildActionMask = 2147483647;
			files = (
			);
			runOnlyForDeploymentPostprocessing = 0;
		};
		63BFB6CC28882606003D35E0 /* Resources */ = {
			isa = PBXResourcesBuildPhase;
			buildActionMask = 2147483647;
			files = (
			);
			runOnlyForDeploymentPostprocessing = 0;
		};
/* End PBXResourcesBuildPhase section */

/* Begin PBXShellScriptBuildPhase section */
		1FE564C4580E8465F04EC222 /* [CP] Check Pods Manifest.lock */ = {
			isa = PBXShellScriptBuildPhase;
			buildActionMask = 2147483647;
			files = (
			);
			inputFileListPaths = (
			);
			inputPaths = (
				"${PODS_PODFILE_DIR_PATH}/Podfile.lock",
				"${PODS_ROOT}/Manifest.lock",
			);
			name = "[CP] Check Pods Manifest.lock";
			outputFileListPaths = (
			);
			outputPaths = (
				"$(DERIVED_FILE_DIR)/Pods-instagramCloneFirebaseTests-checkManifestLockResult.txt",
			);
			runOnlyForDeploymentPostprocessing = 0;
			shellPath = /bin/sh;
			shellScript = "diff \"${PODS_PODFILE_DIR_PATH}/Podfile.lock\" \"${PODS_ROOT}/Manifest.lock\" > /dev/null\nif [ $? != 0 ] ; then\n    # print error to STDERR\n    echo \"error: The sandbox is not in sync with the Podfile.lock. Run 'pod install' or update your CocoaPods installation.\" >&2\n    exit 1\nfi\n# This output is used by Xcode 'outputs' to avoid re-running this script phase.\necho \"SUCCESS\" > \"${SCRIPT_OUTPUT_FILE_0}\"\n";
			showEnvVarsInLog = 0;
		};
		5320E82D85A6DAD1F0B68F3A /* [CP] Embed Pods Frameworks */ = {
			isa = PBXShellScriptBuildPhase;
			buildActionMask = 2147483647;
			files = (
			);
			inputFileListPaths = (
				"${PODS_ROOT}/Target Support Files/Pods-instagramCloneFirebase/Pods-instagramCloneFirebase-frameworks-${CONFIGURATION}-input-files.xcfilelist",
			);
			name = "[CP] Embed Pods Frameworks";
			outputFileListPaths = (
				"${PODS_ROOT}/Target Support Files/Pods-instagramCloneFirebase/Pods-instagramCloneFirebase-frameworks-${CONFIGURATION}-output-files.xcfilelist",
			);
			runOnlyForDeploymentPostprocessing = 0;
			shellPath = /bin/sh;
			shellScript = "\"${PODS_ROOT}/Target Support Files/Pods-instagramCloneFirebase/Pods-instagramCloneFirebase-frameworks.sh\"\n";
			showEnvVarsInLog = 0;
		};
		91CA838A72A448766B6FAFE4 /* [CP] Check Pods Manifest.lock */ = {
			isa = PBXShellScriptBuildPhase;
			buildActionMask = 2147483647;
			files = (
			);
			inputFileListPaths = (
			);
			inputPaths = (
				"${PODS_PODFILE_DIR_PATH}/Podfile.lock",
				"${PODS_ROOT}/Manifest.lock",
			);
			name = "[CP] Check Pods Manifest.lock";
			outputFileListPaths = (
			);
			outputPaths = (
				"$(DERIVED_FILE_DIR)/Pods-instagramCloneFirebase-checkManifestLockResult.txt",
			);
			runOnlyForDeploymentPostprocessing = 0;
			shellPath = /bin/sh;
			shellScript = "diff \"${PODS_PODFILE_DIR_PATH}/Podfile.lock\" \"${PODS_ROOT}/Manifest.lock\" > /dev/null\nif [ $? != 0 ] ; then\n    # print error to STDERR\n    echo \"error: The sandbox is not in sync with the Podfile.lock. Run 'pod install' or update your CocoaPods installation.\" >&2\n    exit 1\nfi\n# This output is used by Xcode 'outputs' to avoid re-running this script phase.\necho \"SUCCESS\" > \"${SCRIPT_OUTPUT_FILE_0}\"\n";
			showEnvVarsInLog = 0;
		};
		A91CC9CBCCBCADC34274E143 /* [CP] Embed Pods Frameworks */ = {
			isa = PBXShellScriptBuildPhase;
			buildActionMask = 2147483647;
			files = (
			);
			inputFileListPaths = (
				"${PODS_ROOT}/Target Support Files/Pods-instagramCloneFirebase-instagramCloneFirebaseUITests/Pods-instagramCloneFirebase-instagramCloneFirebaseUITests-frameworks-${CONFIGURATION}-input-files.xcfilelist",
			);
			name = "[CP] Embed Pods Frameworks";
			outputFileListPaths = (
				"${PODS_ROOT}/Target Support Files/Pods-instagramCloneFirebase-instagramCloneFirebaseUITests/Pods-instagramCloneFirebase-instagramCloneFirebaseUITests-frameworks-${CONFIGURATION}-output-files.xcfilelist",
			);
			runOnlyForDeploymentPostprocessing = 0;
			shellPath = /bin/sh;
			shellScript = "\"${PODS_ROOT}/Target Support Files/Pods-instagramCloneFirebase-instagramCloneFirebaseUITests/Pods-instagramCloneFirebase-instagramCloneFirebaseUITests-frameworks.sh\"\n";
			showEnvVarsInLog = 0;
		};
		F268166B56A4207F03263D5E /* [CP] Check Pods Manifest.lock */ = {
			isa = PBXShellScriptBuildPhase;
			buildActionMask = 2147483647;
			files = (
			);
			inputFileListPaths = (
			);
			inputPaths = (
				"${PODS_PODFILE_DIR_PATH}/Podfile.lock",
				"${PODS_ROOT}/Manifest.lock",
			);
			name = "[CP] Check Pods Manifest.lock";
			outputFileListPaths = (
			);
			outputPaths = (
				"$(DERIVED_FILE_DIR)/Pods-instagramCloneFirebase-instagramCloneFirebaseUITests-checkManifestLockResult.txt",
			);
			runOnlyForDeploymentPostprocessing = 0;
			shellPath = /bin/sh;
			shellScript = "diff \"${PODS_PODFILE_DIR_PATH}/Podfile.lock\" \"${PODS_ROOT}/Manifest.lock\" > /dev/null\nif [ $? != 0 ] ; then\n    # print error to STDERR\n    echo \"error: The sandbox is not in sync with the Podfile.lock. Run 'pod install' or update your CocoaPods installation.\" >&2\n    exit 1\nfi\n# This output is used by Xcode 'outputs' to avoid re-running this script phase.\necho \"SUCCESS\" > \"${SCRIPT_OUTPUT_FILE_0}\"\n";
			showEnvVarsInLog = 0;
		};
/* End PBXShellScriptBuildPhase section */

/* Begin PBXSourcesBuildPhase section */
		63BFB6AA28882600003D35E0 /* Sources */ = {
			isa = PBXSourcesBuildPhase;
			buildActionMask = 2147483647;
			files = (
				6380775728896BAC00BC27BD /* feedTableViewCell.swift in Sources */,
				63BFB6B628882600003D35E0 /* ViewController.swift in Sources */,
				63BFB6B228882600003D35E0 /* AppDelegate.swift in Sources */,
				63BFB71F28883C30003D35E0 /* uploadViewController.swift in Sources */,
				63BFB71D28883C20003D35E0 /* feedViewController.swift in Sources */,
				63BFB6B428882600003D35E0 /* SceneDelegate.swift in Sources */,
				63BFB72128883D2F003D35E0 /* settingsViewController.swift in Sources */,
			);
			runOnlyForDeploymentPostprocessing = 0;
		};
		63BFB6C028882606003D35E0 /* Sources */ = {
			isa = PBXSourcesBuildPhase;
			buildActionMask = 2147483647;
			files = (
				63BFB6C928882606003D35E0 /* instagramCloneFirebaseTests.swift in Sources */,
			);
			runOnlyForDeploymentPostprocessing = 0;
		};
		63BFB6CA28882606003D35E0 /* Sources */ = {
			isa = PBXSourcesBuildPhase;
			buildActionMask = 2147483647;
			files = (
				63BFB6D528882606003D35E0 /* instagramCloneFirebaseUITestsLaunchTests.swift in Sources */,
				63BFB6D328882606003D35E0 /* instagramCloneFirebaseUITests.swift in Sources */,
			);
			runOnlyForDeploymentPostprocessing = 0;
		};
/* End PBXSourcesBuildPhase section */

/* Begin PBXTargetDependency section */
		63BFB6C628882606003D35E0 /* PBXTargetDependency */ = {
			isa = PBXTargetDependency;
			target = 63BFB6AD28882600003D35E0 /* instagramCloneFirebase */;
			targetProxy = 63BFB6C528882606003D35E0 /* PBXContainerItemProxy */;
		};
		63BFB6D028882606003D35E0 /* PBXTargetDependency */ = {
			isa = PBXTargetDependency;
			target = 63BFB6AD28882600003D35E0 /* instagramCloneFirebase */;
			targetProxy = 63BFB6CF28882606003D35E0 /* PBXContainerItemProxy */;
		};
/* End PBXTargetDependency section */

/* Begin PBXVariantGroup section */
		63BFB6B728882600003D35E0 /* Main.storyboard */ = {
			isa = PBXVariantGroup;
			children = (
				63BFB6B828882600003D35E0 /* Base */,
			);
			name = Main.storyboard;
			sourceTree = "<group>";
		};
		63BFB6BC28882605003D35E0 /* LaunchScreen.storyboard */ = {
			isa = PBXVariantGroup;
			children = (
				63BFB6BD28882605003D35E0 /* Base */,
			);
			name = LaunchScreen.storyboard;
			sourceTree = "<group>";
		};
/* End PBXVariantGroup section */

/* Begin XCBuildConfiguration section */
		63BFB6D628882606003D35E0 /* Debug */ = {
			isa = XCBuildConfiguration;
			buildSettings = {
				ALWAYS_SEARCH_USER_PATHS = NO;
				CLANG_ANALYZER_NONNULL = YES;
				CLANG_ANALYZER_NUMBER_OBJECT_CONVERSION = YES_AGGRESSIVE;
				CLANG_CXX_LANGUAGE_STANDARD = "gnu++17";
				CLANG_ENABLE_MODULES = YES;
				CLANG_ENABLE_OBJC_ARC = YES;
				CLANG_ENABLE_OBJC_WEAK = YES;
				CLANG_WARN_BLOCK_CAPTURE_AUTORELEASING = YES;
				CLANG_WARN_BOOL_CONVERSION = YES;
				CLANG_WARN_COMMA = YES;
				CLANG_WARN_CONSTANT_CONVERSION = YES;
				CLANG_WARN_DEPRECATED_OBJC_IMPLEMENTATIONS = YES;
				CLANG_WARN_DIRECT_OBJC_ISA_USAGE = YES_ERROR;
				CLANG_WARN_DOCUMENTATION_COMMENTS = YES;
				CLANG_WARN_EMPTY_BODY = YES;
				CLANG_WARN_ENUM_CONVERSION = YES;
				CLANG_WARN_INFINITE_RECURSION = YES;
				CLANG_WARN_INT_CONVERSION = YES;
				CLANG_WARN_NON_LITERAL_NULL_CONVERSION = YES;
				CLANG_WARN_OBJC_IMPLICIT_RETAIN_SELF = YES;
				CLANG_WARN_OBJC_LITERAL_CONVERSION = YES;
				CLANG_WARN_OBJC_ROOT_CLASS = YES_ERROR;
				CLANG_WARN_QUOTED_INCLUDE_IN_FRAMEWORK_HEADER = YES;
				CLANG_WARN_RANGE_LOOP_ANALYSIS = YES;
				CLANG_WARN_STRICT_PROTOTYPES = YES;
				CLANG_WARN_SUSPICIOUS_MOVE = YES;
				CLANG_WARN_UNGUARDED_AVAILABILITY = YES_AGGRESSIVE;
				CLANG_WARN_UNREACHABLE_CODE = YES;
				CLANG_WARN__DUPLICATE_METHOD_MATCH = YES;
				COPY_PHASE_STRIP = NO;
				DEBUG_INFORMATION_FORMAT = dwarf;
				ENABLE_STRICT_OBJC_MSGSEND = YES;
				ENABLE_TESTABILITY = YES;
				GCC_C_LANGUAGE_STANDARD = gnu11;
				GCC_DYNAMIC_NO_PIC = NO;
				GCC_NO_COMMON_BLOCKS = YES;
				GCC_OPTIMIZATION_LEVEL = 0;
				GCC_PREPROCESSOR_DEFINITIONS = (
					"DEBUG=1",
					"$(inherited)",
				);
				GCC_WARN_64_TO_32_BIT_CONVERSION = YES;
				GCC_WARN_ABOUT_RETURN_TYPE = YES_ERROR;
				GCC_WARN_UNDECLARED_SELECTOR = YES;
				GCC_WARN_UNINITIALIZED_AUTOS = YES_AGGRESSIVE;
				GCC_WARN_UNUSED_FUNCTION = YES;
				GCC_WARN_UNUSED_VARIABLE = YES;
				IPHONEOS_DEPLOYMENT_TARGET = 15.5;
				MTL_ENABLE_DEBUG_INFO = INCLUDE_SOURCE;
				MTL_FAST_MATH = YES;
				ONLY_ACTIVE_ARCH = YES;
				SDKROOT = iphoneos;
				SWIFT_ACTIVE_COMPILATION_CONDITIONS = DEBUG;
				SWIFT_OPTIMIZATION_LEVEL = "-Onone";
			};
			name = Debug;
		};
		63BFB6D728882606003D35E0 /* Release */ = {
			isa = XCBuildConfiguration;
			buildSettings = {
				ALWAYS_SEARCH_USER_PATHS = NO;
				CLANG_ANALYZER_NONNULL = YES;
				CLANG_ANALYZER_NUMBER_OBJECT_CONVERSION = YES_AGGRESSIVE;
				CLANG_CXX_LANGUAGE_STANDARD = "gnu++17";
				CLANG_ENABLE_MODULES = YES;
				CLANG_ENABLE_OBJC_ARC = YES;
				CLANG_ENABLE_OBJC_WEAK = YES;
				CLANG_WARN_BLOCK_CAPTURE_AUTORELEASING = YES;
				CLANG_WARN_BOOL_CONVERSION = YES;
				CLANG_WARN_COMMA = YES;
				CLANG_WARN_CONSTANT_CONVERSION = YES;
				CLANG_WARN_DEPRECATED_OBJC_IMPLEMENTATIONS = YES;
				CLANG_WARN_DIRECT_OBJC_ISA_USAGE = YES_ERROR;
				CLANG_WARN_DOCUMENTATION_COMMENTS = YES;
				CLANG_WARN_EMPTY_BODY = YES;
				CLANG_WARN_ENUM_CONVERSION = YES;
				CLANG_WARN_INFINITE_RECURSION = YES;
				CLANG_WARN_INT_CONVERSION = YES;
				CLANG_WARN_NON_LITERAL_NULL_CONVERSION = YES;
				CLANG_WARN_OBJC_IMPLICIT_RETAIN_SELF = YES;
				CLANG_WARN_OBJC_LITERAL_CONVERSION = YES;
				CLANG_WARN_OBJC_ROOT_CLASS = YES_ERROR;
				CLANG_WARN_QUOTED_INCLUDE_IN_FRAMEWORK_HEADER = YES;
				CLANG_WARN_RANGE_LOOP_ANALYSIS = YES;
				CLANG_WARN_STRICT_PROTOTYPES = YES;
				CLANG_WARN_SUSPICIOUS_MOVE = YES;
				CLANG_WARN_UNGUARDED_AVAILABILITY = YES_AGGRESSIVE;
				CLANG_WARN_UNREACHABLE_CODE = YES;
				CLANG_WARN__DUPLICATE_METHOD_MATCH = YES;
				COPY_PHASE_STRIP = NO;
				DEBUG_INFORMATION_FORMAT = "dwarf-with-dsym";
				ENABLE_NS_ASSERTIONS = NO;
				ENABLE_STRICT_OBJC_MSGSEND = YES;
				GCC_C_LANGUAGE_STANDARD = gnu11;
				GCC_NO_COMMON_BLOCKS = YES;
				GCC_WARN_64_TO_32_BIT_CONVERSION = YES;
				GCC_WARN_ABOUT_RETURN_TYPE = YES_ERROR;
				GCC_WARN_UNDECLARED_SELECTOR = YES;
				GCC_WARN_UNINITIALIZED_AUTOS = YES_AGGRESSIVE;
				GCC_WARN_UNUSED_FUNCTION = YES;
				GCC_WARN_UNUSED_VARIABLE = YES;
				IPHONEOS_DEPLOYMENT_TARGET = 15.5;
				MTL_ENABLE_DEBUG_INFO = NO;
				MTL_FAST_MATH = YES;
				SDKROOT = iphoneos;
				SWIFT_COMPILATION_MODE = wholemodule;
				SWIFT_OPTIMIZATION_LEVEL = "-O";
				VALIDATE_PRODUCT = YES;
			};
			name = Release;
		};
		63BFB6D928882606003D35E0 /* Debug */ = {
			isa = XCBuildConfiguration;
			baseConfigurationReference = F3DD4D704B764D7E062CC678 /* Pods-instagramCloneFirebase.debug.xcconfig */;
			buildSettings = {
				ASSETCATALOG_COMPILER_APPICON_NAME = AppIcon;
				ASSETCATALOG_COMPILER_GLOBAL_ACCENT_COLOR_NAME = AccentColor;
				CODE_SIGN_STYLE = Automatic;
				CURRENT_PROJECT_VERSION = 1;
				DEVELOPMENT_TEAM = HZS53T8UPQ;
				GENERATE_INFOPLIST_FILE = YES;
				INFOPLIST_FILE = instagramCloneFirebase/Info.plist;
				INFOPLIST_KEY_UIApplicationSupportsIndirectInputEvents = YES;
				INFOPLIST_KEY_UILaunchStoryboardName = LaunchScreen;
				INFOPLIST_KEY_UIMainStoryboardFile = Main;
				INFOPLIST_KEY_UISupportedInterfaceOrientations_iPad = "UIInterfaceOrientationPortrait UIInterfaceOrientationPortraitUpsideDown UIInterfaceOrientationLandscapeLeft UIInterfaceOrientationLandscapeRight";
				INFOPLIST_KEY_UISupportedInterfaceOrientations_iPhone = "UIInterfaceOrientationPortrait UIInterfaceOrientationLandscapeLeft UIInterfaceOrientationLandscapeRight";
				LD_RUNPATH_SEARCH_PATHS = (
					"$(inherited)",
					"@executable_path/Frameworks",
				);
				MARKETING_VERSION = 1.0;
				PRODUCT_BUNDLE_IDENTIFIER = dogukan.dogan.instagramCloneFirebase;
				PRODUCT_NAME = "$(TARGET_NAME)";
				SWIFT_EMIT_LOC_STRINGS = YES;
				SWIFT_VERSION = 5.0;
				TARGETED_DEVICE_FAMILY = "1,2";
			};
			name = Debug;
		};
		63BFB6DA28882606003D35E0 /* Release */ = {
			isa = XCBuildConfiguration;
			baseConfigurationReference = B1C18A7C7EC0025788841D9D /* Pods-instagramCloneFirebase.release.xcconfig */;
			buildSettings = {
				ASSETCATALOG_COMPILER_APPICON_NAME = AppIcon;
				ASSETCATALOG_COMPILER_GLOBAL_ACCENT_COLOR_NAME = AccentColor;
				CODE_SIGN_STYLE = Automatic;
				CURRENT_PROJECT_VERSION = 1;
				DEVELOPMENT_TEAM = HZS53T8UPQ;
				GENERATE_INFOPLIST_FILE = YES;
				INFOPLIST_FILE = instagramCloneFirebase/Info.plist;
				INFOPLIST_KEY_UIApplicationSupportsIndirectInputEvents = YES;
				INFOPLIST_KEY_UILaunchStoryboardName = LaunchScreen;
				INFOPLIST_KEY_UIMainStoryboardFile = Main;
				INFOPLIST_KEY_UISupportedInterfaceOrientations_iPad = "UIInterfaceOrientationPortrait UIInterfaceOrientationPortraitUpsideDown UIInterfaceOrientationLandscapeLeft UIInterfaceOrientationLandscapeRight";
				INFOPLIST_KEY_UISupportedInterfaceOrientations_iPhone = "UIInterfaceOrientationPortrait UIInterfaceOrientationLandscapeLeft UIInterfaceOrientationLandscapeRight";
				LD_RUNPATH_SEARCH_PATHS = (
					"$(inherited)",
					"@executable_path/Frameworks",
				);
				MARKETING_VERSION = 1.0;
				PRODUCT_BUNDLE_IDENTIFIER = dogukan.dogan.instagramCloneFirebase;
				PRODUCT_NAME = "$(TARGET_NAME)";
				SWIFT_EMIT_LOC_STRINGS = YES;
				SWIFT_VERSION = 5.0;
				TARGETED_DEVICE_FAMILY = "1,2";
			};
			name = Release;
		};
		63BFB6DC28882606003D35E0 /* Debug */ = {
			isa = XCBuildConfiguration;
			baseConfigurationReference = F2FEDF35EE1B05DD5FBDDCAA /* Pods-instagramCloneFirebaseTests.debug.xcconfig */;
			buildSettings = {
				ALWAYS_EMBED_SWIFT_STANDARD_LIBRARIES = YES;
				BUNDLE_LOADER = "$(TEST_HOST)";
				CODE_SIGN_STYLE = Automatic;
				CURRENT_PROJECT_VERSION = 1;
				DEVELOPMENT_TEAM = HZS53T8UPQ;
				GENERATE_INFOPLIST_FILE = YES;
				IPHONEOS_DEPLOYMENT_TARGET = 15.5;
				MARKETING_VERSION = 1.0;
				PRODUCT_BUNDLE_IDENTIFIER = dogukan.dogan.instagramCloneFirebaseTests;
				PRODUCT_NAME = "$(TARGET_NAME)";
				SWIFT_EMIT_LOC_STRINGS = NO;
				SWIFT_VERSION = 5.0;
				TARGETED_DEVICE_FAMILY = "1,2";
				TEST_HOST = "$(BUILT_PRODUCTS_DIR)/instagramCloneFirebase.app/instagramCloneFirebase";
			};
			name = Debug;
		};
		63BFB6DD28882606003D35E0 /* Release */ = {
			isa = XCBuildConfiguration;
			baseConfigurationReference = 2F9EC307FC979634B55F5ACF /* Pods-instagramCloneFirebaseTests.release.xcconfig */;
			buildSettings = {
				ALWAYS_EMBED_SWIFT_STANDARD_LIBRARIES = YES;
				BUNDLE_LOADER = "$(TEST_HOST)";
				CODE_SIGN_STYLE = Automatic;
				CURRENT_PROJECT_VERSION = 1;
				DEVELOPMENT_TEAM = HZS53T8UPQ;
				GENERATE_INFOPLIST_FILE = YES;
				IPHONEOS_DEPLOYMENT_TARGET = 15.5;
				MARKETING_VERSION = 1.0;
				PRODUCT_BUNDLE_IDENTIFIER = dogukan.dogan.instagramCloneFirebaseTests;
				PRODUCT_NAME = "$(TARGET_NAME)";
				SWIFT_EMIT_LOC_STRINGS = NO;
				SWIFT_VERSION = 5.0;
				TARGETED_DEVICE_FAMILY = "1,2";
				TEST_HOST = "$(BUILT_PRODUCTS_DIR)/instagramCloneFirebase.app/instagramCloneFirebase";
			};
			name = Release;
		};
		63BFB6DF28882606003D35E0 /* Debug */ = {
			isa = XCBuildConfiguration;
			baseConfigurationReference = 9DBE3F78DE8B554261A0DB54 /* Pods-instagramCloneFirebase-instagramCloneFirebaseUITests.debug.xcconfig */;
			buildSettings = {
				ALWAYS_EMBED_SWIFT_STANDARD_LIBRARIES = YES;
				CODE_SIGN_STYLE = Automatic;
				CURRENT_PROJECT_VERSION = 1;
				DEVELOPMENT_TEAM = HZS53T8UPQ;
				GENERATE_INFOPLIST_FILE = YES;
				MARKETING_VERSION = 1.0;
				PRODUCT_BUNDLE_IDENTIFIER = dogukan.dogan.instagramCloneFirebaseUITests;
				PRODUCT_NAME = "$(TARGET_NAME)";
				SWIFT_EMIT_LOC_STRINGS = NO;
				SWIFT_VERSION = 5.0;
				TARGETED_DEVICE_FAMILY = "1,2";
				TEST_TARGET_NAME = instagramCloneFirebase;
			};
			name = Debug;
		};
		63BFB6E028882606003D35E0 /* Release */ = {
			isa = XCBuildConfiguration;
			baseConfigurationReference = 105738519C09C786777D9604 /* Pods-instagramCloneFirebase-instagramCloneFirebaseUITests.release.xcconfig */;
			buildSettings = {
				ALWAYS_EMBED_SWIFT_STANDARD_LIBRARIES = YES;
				CODE_SIGN_STYLE = Automatic;
				CURRENT_PROJECT_VERSION = 1;
				DEVELOPMENT_TEAM = HZS53T8UPQ;
				GENERATE_INFOPLIST_FILE = YES;
				MARKETING_VERSION = 1.0;
				PRODUCT_BUNDLE_IDENTIFIER = dogukan.dogan.instagramCloneFirebaseUITests;
				PRODUCT_NAME = "$(TARGET_NAME)";
				SWIFT_EMIT_LOC_STRINGS = NO;
				SWIFT_VERSION = 5.0;
				TARGETED_DEVICE_FAMILY = "1,2";
				TEST_TARGET_NAME = instagramCloneFirebase;
			};
			name = Release;
		};
/* End XCBuildConfiguration section */

/* Begin XCConfigurationList section */
		63BFB6A928882600003D35E0 /* Build configuration list for PBXProject "instagramCloneFirebase" */ = {
			isa = XCConfigurationList;
			buildConfigurations = (
				63BFB6D628882606003D35E0 /* Debug */,
				63BFB6D728882606003D35E0 /* Release */,
			);
			defaultConfigurationIsVisible = 0;
			defaultConfigurationName = Release;
		};
		63BFB6D828882606003D35E0 /* Build configuration list for PBXNativeTarget "instagramCloneFirebase" */ = {
			isa = XCConfigurationList;
			buildConfigurations = (
				63BFB6D928882606003D35E0 /* Debug */,
				63BFB6DA28882606003D35E0 /* Release */,
			);
			defaultConfigurationIsVisible = 0;
			defaultConfigurationName = Release;
		};
		63BFB6DB28882606003D35E0 /* Build configuration list for PBXNativeTarget "instagramCloneFirebaseTests" */ = {
			isa = XCConfigurationList;
			buildConfigurations = (
				63BFB6DC28882606003D35E0 /* Debug */,
				63BFB6DD28882606003D35E0 /* Release */,
			);
			defaultConfigurationIsVisible = 0;
			defaultConfigurationName = Release;
		};
		63BFB6DE28882606003D35E0 /* Build configuration list for PBXNativeTarget "instagramCloneFirebaseUITests" */ = {
			isa = XCConfigurationList;
			buildConfigurations = (
				63BFB6DF28882606003D35E0 /* Debug */,
				63BFB6E028882606003D35E0 /* Release */,
			);
			defaultConfigurationIsVisible = 0;
			defaultConfigurationName = Release;
		};
/* End XCConfigurationList section */
	};
	rootObject = 63BFB6A628882600003D35E0 /* Project object */;
}
